<?xml version="1.0" encoding="utf-8"?>
<Project ToolsVersion="4.0" xmlns="http://schemas.microsoft.com/developer/msbuild/2003">
  <ItemGroup>
    <Filter Include="Source Files">
      <UniqueIdentifier>{d693d5f3-8ac2-44c2-a74a-23d2e073d034}</UniqueIdentifier>
      <Extensions>cpp;c;cxx;rc;def;r;odl;idl;hpj;bat</Extensions>
    </Filter>
    <Filter Include="Header Files">
      <UniqueIdentifier>{dd4d3d99-356e-42f8-b743-6612551fe6b6}</UniqueIdentifier>
      <Extensions>h;hpp;hxx;hm;inl</Extensions>
    </Filter>
    <Filter Include="Resource Files">
      <UniqueIdentifier>{a8fa95e7-cb60-4494-9eee-9fad9bdcd92a}</UniqueIdentifier>
      <Extensions>ico;cur;bmp;dlg;rc2;rct;bin;rgs;gif;jpg;jpeg;jpe</Extensions>
    </Filter>
  </ItemGroup>
  <ItemGroup>
    <ClCompile Include="..\snes_spc\dsp.cpp">
      <Filter>Source Files</Filter>
    </ClCompile>
    <ClCompile Include="..\snes_spc\SNES_SPC.cpp">
      <Filter>Source Files</Filter>
    </ClCompile>
    <ClCompile Include="..\snes_spc\SNES_SPC_misc.cpp">
      <Filter>Source Files</Filter>
    </ClCompile>
    <ClCompile Include="..\snes_spc\SNES_SPC_state.cpp">
      <Filter>Source Files</Filter>
    </ClCompile>
    <ClCompile Include="..\snes_spc\spc.cpp">
      <Filter>Source Files</Filter>
    </ClCompile>
    <ClCompile Include="..\snes_spc\SPC_DSP.cpp">
      <Filter>Source Files</Filter>
    </ClCompile>
    <ClCompile Include="..\snes_spc\SPC_Filter.cpp">
      <Filter>Source Files</Filter>
    </ClCompile>
  </ItemGroup>
  <ItemGroup>
    <ClInclude Include="..\snes_spc\blargg_common.h">
      <Filter>Header Files</Filter>
    </ClInclude>
    <ClInclude Include="..\snes_spc\blargg_config.h">
      <Filter>Header Files</Filter>
    </ClInclude>
    <ClInclude Include="..\snes_spc\blargg_endian.h">
      <Filter>Header Files</Filter>
    </ClInclude>
    <ClInclude Include="..\snes_spc\blargg_source.h">
      <Filter>Header Files</Filter>
    </ClInclude>
    <ClInclude Include="..\snes_spc\dsp.h">
      <Filter>Header Files</Filter>
    </ClInclude>
    <ClInclude Include="..\snes_spc\SNES_SPC.h">
      <Filter>Header Files</Filter>
    </ClInclude>
    <ClInclude Include="..\snes_spc\spc.h">
      <Filter>Header Files</Filter>
    </ClInclude>
    <ClInclude Include="..\snes_spc\SPC_CPU.h">
      <Filter>Header Files</Filter>
    </ClInclude>
    <ClInclude Include="..\snes_spc\SPC_DSP.h">
      <Filter>Header Files</Filter>
    </ClInclude>
    <ClInclude Include="..\snes_spc\SPC_Filter.h">
      <Filter>Header Files</Filter>
    </ClInclude>
  </ItemGroup>
</Project>