// !$*UTF8*$!
{
	archiveVersion = 1;
	classes = {
	};
	objectVersion = 46;
	objects = {

/* Begin PBXBuildFile section */
		4F015B83187598D500ADB3F4 /* libc++.1.dylib in Resources */ = {isa = PBXBuildFile; fileRef = 4F015B7F187598D100ADB3F4 /* libc++.1.dylib */; };
		4F015B84187598D800ADB3F4 /* libc++abi.dylib in Resources */ = {isa = PBXBuildFile; fileRef = 4F015B80187598D100ADB3F4 /* libc++abi.dylib */; };
		4F015B8C18775CB100ADB3F4 /* AUTHORS in Resources */ = {isa = PBXBuildFile; fileRef = 4F015B8A18775CB100ADB3F4 /* AUTHORS */; };
		4F015B8D18775CB100ADB3F4 /* COPYING in Resources */ = {isa = PBXBuildFile; fileRef = 4F015B8B18775CB100ADB3F4 /* COPYING */; };
		4F015B901877613100ADB3F4 /* About.xib in Resources */ = {isa = PBXBuildFile; fileRef = 4F015B8E1877613100ADB3F4 /* About.xib */; };
		4F015B961877636F00ADB3F4 /* ELAboutController.m in Sources */ = {isa = PBXBuildFile; fileRef = 4F015B951877636F00ADB3F4 /* ELAboutController.m */; };
		4F2F32BB1867111400EED7DE /* base in Resources */ = {isa = PBXBuildFile; fileRef = FA82164B1647128900FF998A /* base */; };
		4F2F32BC1867111400EED7DE /* docs in Resources */ = {isa = PBXBuildFile; fileRef = FA8216761647128900FF998A /* docs */; };
		4F2F32BD1867111400EED7DE /* user in Resources */ = {isa = PBXBuildFile; fileRef = FA8216871647128900FF998A /* user */; };
		4F5076B7205DCC81000226F6 /* SDL2_mixer.framework in CopyFiles */ = {isa = PBXBuildFile; fileRef = 4F5076AC205DB8DE000226F6 /* SDL2_mixer.framework */; settings = {ATTRIBUTES = (CodeSignOnCopy, RemoveHeadersOnCopy, ); }; };
		4F5076B8205DCC81000226F6 /* SDL2_net.framework in CopyFiles */ = {isa = PBXBuildFile; fileRef = 4F5076AA205DB8DE000226F6 /* SDL2_net.framework */; settings = {ATTRIBUTES = (CodeSignOnCopy, RemoveHeadersOnCopy, ); }; };
		4F5076B9205DCC81000226F6 /* SDL2.framework in CopyFiles */ = {isa = PBXBuildFile; fileRef = 4F5076AB205DB8DE000226F6 /* SDL2.framework */; settings = {ATTRIBUTES = (CodeSignOnCopy, RemoveHeadersOnCopy, ); }; };
		4F9E46C81EC7576E00F9C6B3 /* eternity in Resources */ = {isa = PBXBuildFile; fileRef = 4F9E46C71EC7576E00F9C6B3 /* eternity */; };
		4FD651B916B8183500F9BE74 /* Cocoa.framework in Frameworks */ = {isa = PBXBuildFile; fileRef = FAF6A06C1691A0D2009EBD3C /* Cocoa.framework */; };
		8D11072B0486CEB800E47090 /* InfoPlist.strings in Resources */ = {isa = PBXBuildFile; fileRef = 089C165CFE840E0CC02AAC07 /* InfoPlist.strings */; };
		FA062C0A16503EFF005A65FF /* ELFileViewDataSource.m in Sources */ = {isa = PBXBuildFile; fileRef = FA062C0916503EFF005A65FF /* ELFileViewDataSource.m */; };
		FA3011EE1689D1BB005D25A8 /* MainStart.m in Sources */ = {isa = PBXBuildFile; fileRef = FA3011ED1689D1BA005D25A8 /* MainStart.m */; };
		FA3011F1168A427B005D25A8 /* ELCommandLineArgument.m in Sources */ = {isa = PBXBuildFile; fileRef = FA3011F0168A427B005D25A8 /* ELCommandLineArgument.m */; };
		FA3011F4168A44E0005D25A8 /* ELCommandLineArray.m in Sources */ = {isa = PBXBuildFile; fileRef = FA3011F3168A44DF005D25A8 /* ELCommandLineArray.m */; };
		FA601C7B1696246800046D2D /* Launcher.xib in Resources */ = {isa = PBXBuildFile; fileRef = FA601C791696246800046D2D /* Launcher.xib */; };
		FA891468165424E40034E860 /* ELTextFieldDelegate.m in Sources */ = {isa = PBXBuildFile; fileRef = FA891467165424E40034E860 /* ELTextFieldDelegate.m */; };
		FAB103DC15911F4E00393DE3 /* DumpConsole.xib in Resources */ = {isa = PBXBuildFile; fileRef = FAB103DB15911F4E00393DE3 /* DumpConsole.xib */; };
		FAB103E21591214400393DE3 /* ELDumpConsole.m in Sources */ = {isa = PBXBuildFile; fileRef = FAB103E11591214400393DE3 /* ELDumpConsole.m */; };
		FABF5F01158C710400C49E93 /* Eternity.icns in Resources */ = {isa = PBXBuildFile; fileRef = FABF5F00158C710400C49E93 /* Eternity.icns */; };
		FABF5F09158C78F300C49E93 /* LauncherController.m in Sources */ = {isa = PBXBuildFile; fileRef = FABF5F08158C78F300C49E93 /* LauncherController.m */; };
		FABF6000158C8F6300C49E93 /* Credits.rtf in Resources */ = {isa = PBXBuildFile; fileRef = FABF5FFF158C8F6300C49E93 /* Credits.rtf */; };
/* End PBXBuildFile section */

/* Begin PBXCopyFilesBuildPhase section */
		4F5076B6205DCC79000226F6 /* CopyFiles */ = {
			isa = PBXCopyFilesBuildPhase;
			buildActionMask = 2147483647;
			dstPath = "";
			dstSubfolderSpec = 10;
			files = (
				4F5076B7205DCC81000226F6 /* SDL2_mixer.framework in CopyFiles */,
				4F5076B8205DCC81000226F6 /* SDL2_net.framework in CopyFiles */,
				4F5076B9205DCC81000226F6 /* SDL2.framework in CopyFiles */,
			);
			runOnlyForDeploymentPostprocessing = 0;
		};
/* End PBXCopyFilesBuildPhase section */

/* Begin PBXFileReference section */
		089C165DFE840E0CC02AAC07 /* English */ = {isa = PBXFileReference; fileEncoding = 4; lastKnownFileType = text.plist.strings; name = English; path = English.lproj/InfoPlist.strings; sourceTree = "<group>"; };
		256AC3F00F4B6AF500CF3369 /* EternityLaunch_Prefix.pch */ = {isa = PBXFileReference; fileEncoding = 4; lastKnownFileType = sourcecode.c.h; path = EternityLaunch_Prefix.pch; sourceTree = "<group>"; };
		4F015B7F187598D100ADB3F4 /* libc++.1.dylib */ = {isa = PBXFileReference; lastKnownFileType = "compiled.mach-o.dylib"; name = "libc++.1.dylib"; path = "../libc++/libc++.1.dylib"; sourceTree = "<group>"; };
		4F015B80187598D100ADB3F4 /* libc++abi.dylib */ = {isa = PBXFileReference; lastKnownFileType = "compiled.mach-o.dylib"; name = "libc++abi.dylib"; path = "../libc++/libc++abi.dylib"; sourceTree = "<group>"; };
		4F015B8A18775CB100ADB3F4 /* AUTHORS */ = {isa = PBXFileReference; fileEncoding = 4; lastKnownFileType = text; name = AUTHORS; path = ../../AUTHORS; sourceTree = "<group>"; };
		4F015B8B18775CB100ADB3F4 /* COPYING */ = {isa = PBXFileReference; fileEncoding = 4; lastKnownFileType = text; name = COPYING; path = ../../COPYING; sourceTree = "<group>"; };
		4F015B8F1877613100ADB3F4 /* English */ = {isa = PBXFileReference; lastKnownFileType = file.xib; name = English; path = English.lproj/About.xib; sourceTree = "<group>"; };
		4F015B941877636F00ADB3F4 /* ELAboutController.h */ = {isa = PBXFileReference; fileEncoding = 4; lastKnownFileType = sourcecode.c.h; path = ELAboutController.h; sourceTree = "<group>"; };
		4F015B951877636F00ADB3F4 /* ELAboutController.m */ = {isa = PBXFileReference; fileEncoding = 4; lastKnownFileType = sourcecode.c.objc; path = ELAboutController.m; sourceTree = "<group>"; };
		4F5076AA205DB8DE000226F6 /* SDL2_net.framework */ = {isa = PBXFileReference; lastKnownFileType = wrapper.framework; name = SDL2_net.framework; path = ../SDL2_net.framework; sourceTree = "<group>"; };
		4F5076AB205DB8DE000226F6 /* SDL2.framework */ = {isa = PBXFileReference; lastKnownFileType = wrapper.framework; name = SDL2.framework; path = ../SDL2.framework; sourceTree = "<group>"; };
		4F5076AC205DB8DE000226F6 /* SDL2_mixer.framework */ = {isa = PBXFileReference; lastKnownFileType = wrapper.framework; name = SDL2_mixer.framework; path = ../SDL2_mixer.framework; sourceTree = "<group>"; };
		4F9E46C71EC7576E00F9C6B3 /* eternity */ = {isa = PBXFileReference; lastKnownFileType = "compiled.mach-o.executable"; name = eternity; path = ../builds/eternity; sourceTree = "<group>"; };
		8D1107310486CEB800E47090 /* EternityLaunch-Info.plist */ = {isa = PBXFileReference; fileEncoding = 4; lastKnownFileType = text.plist.xml; path = "EternityLaunch-Info.plist"; sourceTree = "<group>"; };
		8D1107320486CEB800E47090 /* Eternity Engine.app */ = {isa = PBXFileReference; explicitFileType = wrapper.application; includeInIndex = 0; path = "Eternity Engine.app"; sourceTree = BUILT_PRODUCTS_DIR; };
		FA062C0816503EFF005A65FF /* ELFileViewDataSource.h */ = {isa = PBXFileReference; fileEncoding = 4; lastKnownFileType = sourcecode.c.h; path = ELFileViewDataSource.h; sourceTree = "<group>"; };
		FA062C0916503EFF005A65FF /* ELFileViewDataSource.m */ = {isa = PBXFileReference; fileEncoding = 4; lastKnownFileType = sourcecode.c.objc; path = ELFileViewDataSource.m; sourceTree = "<group>"; };
		FA3011ED1689D1BA005D25A8 /* MainStart.m */ = {isa = PBXFileReference; fileEncoding = 4; lastKnownFileType = sourcecode.c.objc; path = MainStart.m; sourceTree = "<group>"; };
		FA3011EF168A427B005D25A8 /* ELCommandLineArgument.h */ = {isa = PBXFileReference; fileEncoding = 4; lastKnownFileType = sourcecode.c.h; path = ELCommandLineArgument.h; sourceTree = "<group>"; };
		FA3011F0168A427B005D25A8 /* ELCommandLineArgument.m */ = {isa = PBXFileReference; fileEncoding = 4; lastKnownFileType = sourcecode.c.objc; path = ELCommandLineArgument.m; sourceTree = "<group>"; };
		FA3011F2168A44DF005D25A8 /* ELCommandLineArray.h */ = {isa = PBXFileReference; fileEncoding = 4; lastKnownFileType = sourcecode.c.h; path = ELCommandLineArray.h; sourceTree = "<group>"; };
		FA3011F3168A44DF005D25A8 /* ELCommandLineArray.m */ = {isa = PBXFileReference; fileEncoding = 4; lastKnownFileType = sourcecode.c.objc; path = ELCommandLineArray.m; sourceTree = "<group>"; };
		FA601C7A1696246800046D2D /* English */ = {isa = PBXFileReference; lastKnownFileType = file.xib; name = English; path = English.lproj/Launcher.xib; sourceTree = "<group>"; };
		FA82164B1647128900FF998A /* base */ = {isa = PBXFileReference; lastKnownFileType = folder; name = base; path = ../../base; sourceTree = SOURCE_ROOT; };
		FA8216761647128900FF998A /* docs */ = {isa = PBXFileReference; lastKnownFileType = folder; name = docs; path = ../../docs; sourceTree = SOURCE_ROOT; };
		FA8216871647128900FF998A /* user */ = {isa = PBXFileReference; lastKnownFileType = folder; name = user; path = ../../user; sourceTree = SOURCE_ROOT; };
		FA891466165424E40034E860 /* ELTextFieldDelegate.h */ = {isa = PBXFileReference; fileEncoding = 4; lastKnownFileType = sourcecode.c.h; path = ELTextFieldDelegate.h; sourceTree = "<group>"; };
		FA891467165424E40034E860 /* ELTextFieldDelegate.m */ = {isa = PBXFileReference; fileEncoding = 4; lastKnownFileType = sourcecode.c.objc; path = ELTextFieldDelegate.m; sourceTree = "<group>"; };
		FAB103DB15911F4E00393DE3 /* DumpConsole.xib */ = {isa = PBXFileReference; lastKnownFileType = file.xib; path = DumpConsole.xib; sourceTree = "<group>"; };
		FAB103E01591214400393DE3 /* ELDumpConsole.h */ = {isa = PBXFileReference; fileEncoding = 4; lastKnownFileType = sourcecode.c.h; path = ELDumpConsole.h; sourceTree = "<group>"; };
		FAB103E11591214400393DE3 /* ELDumpConsole.m */ = {isa = PBXFileReference; fileEncoding = 4; lastKnownFileType = sourcecode.c.objc; path = ELDumpConsole.m; sourceTree = "<group>"; };
		FABF5F00158C710400C49E93 /* Eternity.icns */ = {isa = PBXFileReference; lastKnownFileType = image.icns; path = Eternity.icns; sourceTree = "<group>"; };
		FABF5F07158C78F300C49E93 /* LauncherController.h */ = {isa = PBXFileReference; fileEncoding = 4; lastKnownFileType = sourcecode.c.h; path = LauncherController.h; sourceTree = "<group>"; };
		FABF5F08158C78F300C49E93 /* LauncherController.m */ = {isa = PBXFileReference; fileEncoding = 4; lastKnownFileType = sourcecode.c.objc; path = LauncherController.m; sourceTree = "<group>"; };
		FABF5FFF158C8F6300C49E93 /* Credits.rtf */ = {isa = PBXFileReference; lastKnownFileType = text.rtf; path = Credits.rtf; sourceTree = "<group>"; };
		FAF6A06C1691A0D2009EBD3C /* Cocoa.framework */ = {isa = PBXFileReference; lastKnownFileType = wrapper.framework; name = Cocoa.framework; path = System/Library/Frameworks/Cocoa.framework; sourceTree = SDKROOT; };
/* End PBXFileReference section */

/* Begin PBXFrameworksBuildPhase section */
		8D11072E0486CEB800E47090 /* Frameworks */ = {
			isa = PBXFrameworksBuildPhase;
			buildActionMask = 2147483647;
			files = (
				4FD651B916B8183500F9BE74 /* Cocoa.framework in Frameworks */,
			);
			runOnlyForDeploymentPostprocessing = 0;
		};
/* End PBXFrameworksBuildPhase section */

/* Begin PBXGroup section */
		19C28FACFE9D520D11CA2CBB /* Products */ = {
			isa = PBXGroup;
			children = (
				8D1107320486CEB800E47090 /* Eternity Engine.app */,
			);
			name = Products;
			sourceTree = "<group>";
		};
		29B97314FDCFA39411CA2CEA /* EternityLaunch */ = {
			isa = PBXGroup;
			children = (
				29B97315FDCFA39411CA2CEA /* Code */,
				29B97317FDCFA39411CA2CEA /* Resources */,
				29B97323FDCFA39411CA2CEA /* Frameworks */,
				19C28FACFE9D520D11CA2CBB /* Products */,
			);
			indentWidth = 3;
			name = EternityLaunch;
			sourceTree = "<group>";
			tabWidth = 3;
		};
		29B97315FDCFA39411CA2CEA /* Code */ = {
			isa = PBXGroup;
			children = (
				FA1F5705158BC2FD006F8063 /* Main */,
			);
			name = Code;
			sourceTree = "<group>";
		};
		29B97317FDCFA39411CA2CEA /* Resources */ = {
			isa = PBXGroup;
			children = (
				4F5076AC205DB8DE000226F6 /* SDL2_mixer.framework */,
				4F5076AA205DB8DE000226F6 /* SDL2_net.framework */,
				4F5076AB205DB8DE000226F6 /* SDL2.framework */,
				4F9E46C71EC7576E00F9C6B3 /* eternity */,
				4F015B8A18775CB100ADB3F4 /* AUTHORS */,
				4F015B8B18775CB100ADB3F4 /* COPYING */,
				4F015B7F187598D100ADB3F4 /* libc++.1.dylib */,
				4F015B80187598D100ADB3F4 /* libc++abi.dylib */,
				FA8216B2164712B100FF998A /* Eternity companions */,
				FABF5F00158C710400C49E93 /* Eternity.icns */,
				8D1107310486CEB800E47090 /* EternityLaunch-Info.plist */,
				089C165CFE840E0CC02AAC07 /* InfoPlist.strings */,
				FABF5FFF158C8F6300C49E93 /* Credits.rtf */,
				FA601C791696246800046D2D /* Launcher.xib */,
				FAB103DB15911F4E00393DE3 /* DumpConsole.xib */,
				4F015B8E1877613100ADB3F4 /* About.xib */,
			);
			name = Resources;
			sourceTree = "<group>";
		};
		29B97323FDCFA39411CA2CEA /* Frameworks */ = {
			isa = PBXGroup;
			children = (
				FAF6A06C1691A0D2009EBD3C /* Cocoa.framework */,
			);
			name = Frameworks;
			sourceTree = "<group>";
		};
		FA1F5705158BC2FD006F8063 /* Main */ = {
			isa = PBXGroup;
			children = (
				FABF5F07158C78F300C49E93 /* LauncherController.h */,
				FABF5F08158C78F300C49E93 /* LauncherController.m */,
				FA3011F2168A44DF005D25A8 /* ELCommandLineArray.h */,
				FA3011F3168A44DF005D25A8 /* ELCommandLineArray.m */,
				FA3011EF168A427B005D25A8 /* ELCommandLineArgument.h */,
				FA3011F0168A427B005D25A8 /* ELCommandLineArgument.m */,
				FA3011ED1689D1BA005D25A8 /* MainStart.m */,
				256AC3F00F4B6AF500CF3369 /* EternityLaunch_Prefix.pch */,
				FAB103E01591214400393DE3 /* ELDumpConsole.h */,
				FAB103E11591214400393DE3 /* ELDumpConsole.m */,
				FA062C0816503EFF005A65FF /* ELFileViewDataSource.h */,
				FA062C0916503EFF005A65FF /* ELFileViewDataSource.m */,
				FA891466165424E40034E860 /* ELTextFieldDelegate.h */,
				FA891467165424E40034E860 /* ELTextFieldDelegate.m */,
				4F015B941877636F00ADB3F4 /* ELAboutController.h */,
				4F015B951877636F00ADB3F4 /* ELAboutController.m */,
			);
			name = Main;
			sourceTree = "<group>";
		};
		FA8216B2164712B100FF998A /* Eternity companions */ = {
			isa = PBXGroup;
			children = (
				FA82164B1647128900FF998A /* base */,
				FA8216761647128900FF998A /* docs */,
				FA8216871647128900FF998A /* user */,
			);
			name = "Eternity companions";
			sourceTree = "<group>";
		};
/* End PBXGroup section */

/* Begin PBXNativeTarget section */
		8D1107260486CEB800E47090 /* Eternity Engine */ = {
			isa = PBXNativeTarget;
			buildConfigurationList = C01FCF4A08A954540054247B /* Build configuration list for PBXNativeTarget "Eternity Engine" */;
			buildPhases = (
				8D1107290486CEB800E47090 /* Resources */,
				8D11072C0486CEB800E47090 /* Sources */,
				8D11072E0486CEB800E47090 /* Frameworks */,
				4F5076B6205DCC79000226F6 /* CopyFiles */,
			);
			buildRules = (
			);
			dependencies = (
			);
			name = "Eternity Engine";
			productInstallPath = "$(HOME)/Applications";
			productName = EternityLaunch;
			productReference = 8D1107320486CEB800E47090 /* Eternity Engine.app */;
			productType = "com.apple.product-type.application";
		};
/* End PBXNativeTarget section */

/* Begin PBXProject section */
		29B97313FDCFA39411CA2CEA /* Project object */ = {
			isa = PBXProject;
			attributes = {
				LastUpgradeCheck = 0940;
				TargetAttributes = {
					8D1107260486CEB800E47090 = {
						DevelopmentTeam = 66L236F264;
						ProvisioningStyle = Automatic;
					};
				};
			};
			buildConfigurationList = C01FCF4E08A954540054247B /* Build configuration list for PBXProject "EternityLaunch" */;
			compatibilityVersion = "Xcode 3.2";
			developmentRegion = English;
			hasScannedForEncodings = 1;
			knownRegions = (
				English,
				Japanese,
				French,
				German,
				en,
			);
			mainGroup = 29B97314FDCFA39411CA2CEA /* EternityLaunch */;
			projectDirPath = "";
			projectRoot = "";
			targets = (
				8D1107260486CEB800E47090 /* Eternity Engine */,
			);
		};
/* End PBXProject section */

/* Begin PBXResourcesBuildPhase section */
		8D1107290486CEB800E47090 /* Resources */ = {
			isa = PBXResourcesBuildPhase;
			buildActionMask = 2147483647;
			files = (
				8D11072B0486CEB800E47090 /* InfoPlist.strings in Resources */,
				FABF5F01158C710400C49E93 /* Eternity.icns in Resources */,
				FABF6000158C8F6300C49E93 /* Credits.rtf in Resources */,
				FAB103DC15911F4E00393DE3 /* DumpConsole.xib in Resources */,
				4F9E46C81EC7576E00F9C6B3 /* eternity in Resources */,
				FA601C7B1696246800046D2D /* Launcher.xib in Resources */,
				4F015B83187598D500ADB3F4 /* libc++.1.dylib in Resources */,
				4F015B84187598D800ADB3F4 /* libc++abi.dylib in Resources */,
				4F2F32BB1867111400EED7DE /* base in Resources */,
				4F015B8D18775CB100ADB3F4 /* COPYING in Resources */,
				4F015B8C18775CB100ADB3F4 /* AUTHORS in Resources */,
				4F2F32BC1867111400EED7DE /* docs in Resources */,
				4F2F32BD1867111400EED7DE /* user in Resources */,
				4F015B901877613100ADB3F4 /* About.xib in Resources */,
			);
			runOnlyForDeploymentPostprocessing = 0;
		};
/* End PBXResourcesBuildPhase section */

/* Begin PBXSourcesBuildPhase section */
		8D11072C0486CEB800E47090 /* Sources */ = {
			isa = PBXSourcesBuildPhase;
			buildActionMask = 2147483647;
			files = (
				FABF5F09158C78F300C49E93 /* LauncherController.m in Sources */,
				FAB103E21591214400393DE3 /* ELDumpConsole.m in Sources */,
				FA062C0A16503EFF005A65FF /* ELFileViewDataSource.m in Sources */,
				FA891468165424E40034E860 /* ELTextFieldDelegate.m in Sources */,
				FA3011EE1689D1BB005D25A8 /* MainStart.m in Sources */,
				FA3011F1168A427B005D25A8 /* ELCommandLineArgument.m in Sources */,
				4F015B961877636F00ADB3F4 /* ELAboutController.m in Sources */,
				FA3011F4168A44E0005D25A8 /* ELCommandLineArray.m in Sources */,
			);
			runOnlyForDeploymentPostprocessing = 0;
		};
/* End PBXSourcesBuildPhase section */

/* Begin PBXVariantGroup section */
		089C165CFE840E0CC02AAC07 /* InfoPlist.strings */ = {
			isa = PBXVariantGroup;
			children = (
				089C165DFE840E0CC02AAC07 /* English */,
			);
			name = InfoPlist.strings;
			sourceTree = "<group>";
		};
		4F015B8E1877613100ADB3F4 /* About.xib */ = {
			isa = PBXVariantGroup;
			children = (
				4F015B8F1877613100ADB3F4 /* English */,
			);
			name = About.xib;
			sourceTree = "<group>";
		};
		FA601C791696246800046D2D /* Launcher.xib */ = {
			isa = PBXVariantGroup;
			children = (
				FA601C7A1696246800046D2D /* English */,
			);
			name = Launcher.xib;
			sourceTree = "<group>";
		};
/* End PBXVariantGroup section */

/* Begin XCBuildConfiguration section */
		C01FCF4B08A954540054247B /* Debug */ = {
			isa = XCBuildConfiguration;
			buildSettings = {
				ALWAYS_SEARCH_USER_PATHS = NO;
				CODE_SIGN_IDENTITY = "Mac Developer";
				COMBINE_HIDPI_IMAGES = YES;
				COPY_PHASE_STRIP = NO;
				DEVELOPMENT_TEAM = "";
				GCC_DYNAMIC_NO_PIC = NO;
				GCC_MODEL_TUNING = G5;
				GCC_OPTIMIZATION_LEVEL = 0;
				GCC_PRECOMPILE_PREFIX_HEADER = YES;
				GCC_PREFIX_HEADER = EternityLaunch_Prefix.pch;
				INFOPLIST_FILE = "EternityLaunch-Info.plist";
				INSTALL_PATH = /Applications;
				PRODUCT_BUNDLE_IDENTIFIER = "net.mancubus.${PRODUCT_NAME:rfc1034identifier}";
				PRODUCT_NAME = "Eternity Engine";
				PROVISIONING_PROFILE_SPECIFIER = "";
			};
			name = Debug;
		};
		C01FCF4C08A954540054247B /* Release */ = {
			isa = XCBuildConfiguration;
			buildSettings = {
				ALWAYS_SEARCH_USER_PATHS = NO;
				CODE_SIGN_IDENTITY = "Mac Developer";
				COMBINE_HIDPI_IMAGES = YES;
				DEBUG_INFORMATION_FORMAT = "dwarf-with-dsym";
				DEVELOPMENT_TEAM = "";
				GCC_GENERATE_DEBUGGING_SYMBOLS = YES;
				GCC_INLINES_ARE_PRIVATE_EXTERN = NO;
				GCC_MODEL_TUNING = G5;
				GCC_PRECOMPILE_PREFIX_HEADER = YES;
				GCC_PREFIX_HEADER = EternityLaunch_Prefix.pch;
				INFOPLIST_FILE = "EternityLaunch-Info.plist";
				INFOPLIST_PREPROCESSOR_DEFINITIONS = (
					"_FORTIFY_SOURCE=2",
					"CMAKE_INTDIR=\"Release\"",
				);
				INSTALL_PATH = /Applications;
				PRODUCT_BUNDLE_IDENTIFIER = "net.mancubus.${PRODUCT_NAME:rfc1034identifier}";
				PRODUCT_NAME = "Eternity Engine";
				PROVISIONING_PROFILE_SPECIFIER = "";
			};
			name = Release;
		};
		C01FCF4F08A954540054247B /* Debug */ = {
			isa = XCBuildConfiguration;
			buildSettings = {
				CLANG_ANALYZER_LOCALIZABILITY_NONLOCALIZED = YES;
				CLANG_WARN_BLOCK_CAPTURE_AUTORELEASING = YES;
				CLANG_WARN_BOOL_CONVERSION = YES;
				CLANG_WARN_COMMA = YES;
				CLANG_WARN_CONSTANT_CONVERSION = YES;
				CLANG_WARN_DEPRECATED_OBJC_IMPLEMENTATIONS = YES;
				CLANG_WARN_EMPTY_BODY = YES;
				CLANG_WARN_ENUM_CONVERSION = YES;
				CLANG_WARN_INFINITE_RECURSION = YES;
				CLANG_WARN_INT_CONVERSION = YES;
				CLANG_WARN_NON_LITERAL_NULL_CONVERSION = YES;
				CLANG_WARN_OBJC_IMPLICIT_RETAIN_SELF = YES;
				CLANG_WARN_OBJC_LITERAL_CONVERSION = YES;
				CLANG_WARN_RANGE_LOOP_ANALYSIS = YES;
				CLANG_WARN_STRICT_PROTOTYPES = YES;
				CLANG_WARN_SUSPICIOUS_MOVE = YES;
				CLANG_WARN_UNREACHABLE_CODE = YES;
				CLANG_WARN__DUPLICATE_METHOD_MATCH = YES;
				COPY_PHASE_STRIP = NO;
				DEBUG_INFORMATION_FORMAT = dwarf;
				ENABLE_STRICT_OBJC_MSGSEND = YES;
				ENABLE_TESTABILITY = YES;
				GCC_NO_COMMON_BLOCKS = YES;
				GCC_OPTIMIZATION_LEVEL = 0;
				GCC_WARN_64_TO_32_BIT_CONVERSION = YES;
				GCC_WARN_ABOUT_RETURN_TYPE = YES;
				GCC_WARN_UNDECLARED_SELECTOR = YES;
				GCC_WARN_UNINITIALIZED_AUTOS = YES;
				GCC_WARN_UNUSED_FUNCTION = YES;
				GCC_WARN_UNUSED_VARIABLE = YES;
				LD_RUNPATH_SEARCH_PATHS = "@executable_path/../Frameworks";
				MACOSX_DEPLOYMENT_TARGET = 10.6;
				ONLY_ACTIVE_ARCH = YES;
			};
			name = Debug;
		};
		C01FCF5008A954540054247B /* Release */ = {
			isa = XCBuildConfiguration;
			buildSettings = {
				CLANG_ANALYZER_LOCALIZABILITY_NONLOCALIZED = YES;
				CLANG_WARN_BLOCK_CAPTURE_AUTORELEASING = YES;
				CLANG_WARN_BOOL_CONVERSION = YES;
				CLANG_WARN_COMMA = YES;
				CLANG_WARN_CONSTANT_CONVERSION = YES;
				CLANG_WARN_DEPRECATED_OBJC_IMPLEMENTATIONS = YES;
				CLANG_WARN_EMPTY_BODY = YES;
				CLANG_WARN_ENUM_CONVERSION = YES;
				CLANG_WARN_INFINITE_RECURSION = YES;
				CLANG_WARN_INT_CONVERSION = YES;
				CLANG_WARN_NON_LITERAL_NULL_CONVERSION = YES;
				CLANG_WARN_OBJC_IMPLICIT_RETAIN_SELF = YES;
				CLANG_WARN_OBJC_LITERAL_CONVERSION = YES;
				CLANG_WARN_RANGE_LOOP_ANALYSIS = YES;
				CLANG_WARN_STRICT_PROTOTYPES = YES;
				CLANG_WARN_SUSPICIOUS_MOVE = YES;
				CLANG_WARN_UNREACHABLE_CODE = YES;
				CLANG_WARN__DUPLICATE_METHOD_MATCH = YES;
				COPY_PHASE_STRIP = NO;
				DEBUG_INFORMATION_FORMAT = "dwarf-with-dsym";
				ENABLE_STRICT_OBJC_MSGSEND = YES;
				GCC_NO_COMMON_BLOCKS = YES;
				GCC_WARN_64_TO_32_BIT_CONVERSION = YES;
				GCC_WARN_ABOUT_RETURN_TYPE = YES;
				GCC_WARN_UNDECLARED_SELECTOR = YES;
				GCC_WARN_UNINITIALIZED_AUTOS = YES;
				GCC_WARN_UNUSED_FUNCTION = YES;
				GCC_WARN_UNUSED_VARIABLE = YES;
				LD_RUNPATH_SEARCH_PATHS = "@executable_path/../Frameworks";
				MACOSX_DEPLOYMENT_TARGET = 10.6;
			};
			name = Release;
		};
/* End XCBuildConfiguration section */

/* Begin XCConfigurationList section */
		C01FCF4A08A954540054247B /* Build configuration list for PBXNativeTarget "Eternity Engine" */ = {
			isa = XCConfigurationList;
			buildConfigurations = (
				C01FCF4B08A954540054247B /* Debug */,
				C01FCF4C08A954540054247B /* Release */,
			);
			defaultConfigurationIsVisible = 0;
			defaultConfigurationName = Release;
		};
		C01FCF4E08A954540054247B /* Build configuration list for PBXProject "EternityLaunch" */ = {
			isa = XCConfigurationList;
			buildConfigurations = (
				C01FCF4F08A954540054247B /* Debug */,
				C01FCF5008A954540054247B /* Release */,
			);
			defaultConfigurationIsVisible = 0;
			defaultConfigurationName = Release;
		};
/* End XCConfigurationList section */
	};
	rootObject = 29B97313FDCFA39411CA2CEA /* Project object */;
}
