<?xml version="1.0" encoding="utf-8"?>
<Project ToolsVersion="4.0" xmlns="http://schemas.microsoft.com/developer/msbuild/2003">
  <ItemGroup>
    <Filter Include="Source Files">
      <UniqueIdentifier>{4FC737F1-C7A5-4376-A066-2A32D752A2FF}</UniqueIdentifier>
      <Extensions>cpp;c;cc;cxx;def;odl;idl;hpj;bat;asm;asmx</Extensions>
    </Filter>
    <Filter Include="Header Files">
      <UniqueIdentifier>{93995380-89BD-4b04-88EB-625FBE52EBFB}</UniqueIdentifier>
      <Extensions>h;hh;hpp;hxx;hm;inl;inc;xsd</Extensions>
    </Filter>
    <Filter Include="Resource Files">
      <UniqueIdentifier>{67DA6AB6-F800-4c08-8B7A-83BB121AAD01}</UniqueIdentifier>
      <Extensions>rc;ico;cur;bmp;dlg;rc2;rct;bin;rgs;gif;jpg;jpeg;jpe;resx;tiff;tif;png;wav;mfcribbon-ms</Extensions>
    </Filter>
  </ItemGroup>
  <ItemGroup>
    <ClCompile Include="..\acsvm\ACSVM\Action.cpp">
      <Filter>Source Files</Filter>
    </ClCompile>
    <ClCompile Include="..\acsvm\ACSVM\Array.cpp">
      <Filter>Source Files</Filter>
    </ClCompile>
    <ClCompile Include="..\acsvm\ACSVM\CallFunc.cpp">
      <Filter>Source Files</Filter>
    </ClCompile>
    <ClCompile Include="..\acsvm\ACSVM\CodeData.cpp">
      <Filter>Source Files</Filter>
    </ClCompile>
    <ClCompile Include="..\acsvm\ACSVM\Environment.cpp">
      <Filter>Source Files</Filter>
    </ClCompile>
    <ClCompile Include="..\acsvm\ACSVM\Function.cpp">
      <Filter>Source Files</Filter>
    </ClCompile>
    <ClCompile Include="..\acsvm\ACSVM\Init.cpp">
      <Filter>Source Files</Filter>
    </ClCompile>
    <ClCompile Include="..\acsvm\ACSVM\Jump.cpp">
      <Filter>Source Files</Filter>
    </ClCompile>
    <ClCompile Include="..\acsvm\ACSVM\Module.cpp">
      <Filter>Source Files</Filter>
    </ClCompile>
    <ClCompile Include="..\acsvm\ACSVM\ModuleACS0.cpp">
      <Filter>Source Files</Filter>
    </ClCompile>
    <ClCompile Include="..\acsvm\ACSVM\ModuleACSE.cpp">
      <Filter>Source Files</Filter>
    </ClCompile>
    <ClCompile Include="..\acsvm\ACSVM\PrintBuf.cpp">
      <Filter>Source Files</Filter>
    </ClCompile>
    <ClCompile Include="..\acsvm\ACSVM\Scope.cpp">
      <Filter>Source Files</Filter>
    </ClCompile>
    <ClCompile Include="..\acsvm\ACSVM\Script.cpp">
      <Filter>Source Files</Filter>
    </ClCompile>
    <ClCompile Include="..\acsvm\ACSVM\String.cpp">
      <Filter>Source Files</Filter>
    </ClCompile>
    <ClCompile Include="..\acsvm\ACSVM\Thread.cpp">
      <Filter>Source Files</Filter>
    </ClCompile>
    <ClCompile Include="..\acsvm\ACSVM\ThreadExec.cpp">
      <Filter>Source Files</Filter>
    </ClCompile>
    <ClCompile Include="..\acsvm\ACSVM\Tracer.cpp">
      <Filter>Source Files</Filter>
    </ClCompile>
    <ClCompile Include="..\acsvm\ACSVM\BinaryIO.cpp">
      <Filter>Source Files</Filter>
    </ClCompile>
    <ClCompile Include="..\acsvm\ACSVM\Error.cpp">
      <Filter>Source Files</Filter>
    </ClCompile>
    <ClCompile Include="..\acsvm\ACSVM\Serial.cpp">
      <Filter>Source Files</Filter>
    </ClCompile>
  </ItemGroup>
  <ItemGroup>
    <ClInclude Include="..\acsvm\ACSVM\Action.hpp">
      <Filter>Header Files</Filter>
    </ClInclude>
    <ClInclude Include="..\acsvm\ACSVM\Array.hpp">
      <Filter>Header Files</Filter>
    </ClInclude>
    <ClInclude Include="..\acsvm\ACSVM\BinaryIO.hpp">
      <Filter>Header Files</Filter>
    </ClInclude>
    <ClInclude Include="..\acsvm\ACSVM\CallFunc.hpp">
      <Filter>Header Files</Filter>
    </ClInclude>
    <ClInclude Include="..\acsvm\ACSVM\Code.hpp">
      <Filter>Header Files</Filter>
    </ClInclude>
    <ClInclude Include="..\acsvm\ACSVM\CodeData.hpp">
      <Filter>Header Files</Filter>
    </ClInclude>
    <ClInclude Include="..\acsvm\ACSVM\CodeList.hpp">
      <Filter>Header Files</Filter>
    </ClInclude>
    <ClInclude Include="..\acsvm\ACSVM\Environment.hpp">
      <Filter>Header Files</Filter>
    </ClInclude>
    <ClInclude Include="..\acsvm\ACSVM\Error.hpp">
      <Filter>Header Files</Filter>
    </ClInclude>
    <ClInclude Include="..\acsvm\ACSVM\Function.hpp">
      <Filter>Header Files</Filter>
    </ClInclude>
    <ClInclude Include="..\acsvm\ACSVM\HashMap.hpp">
      <Filter>Header Files</Filter>
    </ClInclude>
    <ClInclude Include="..\acsvm\ACSVM\HashMapFixed.hpp">
      <Filter>Header Files</Filter>
    </ClInclude>
    <ClInclude Include="..\acsvm\ACSVM\Init.hpp">
      <Filter>Header Files</Filter>
    </ClInclude>
    <ClInclude Include="..\acsvm\ACSVM\Jump.hpp">
      <Filter>Header Files</Filter>
    </ClInclude>
    <ClInclude Include="..\acsvm\ACSVM\List.hpp">
      <Filter>Header Files</Filter>
    </ClInclude>
    <ClInclude Include="..\acsvm\ACSVM\Module.hpp">
      <Filter>Header Files</Filter>
    </ClInclude>
    <ClInclude Include="..\acsvm\ACSVM\PrintBuf.hpp">
      <Filter>Header Files</Filter>
    </ClInclude>
    <ClInclude Include="..\acsvm\ACSVM\Scope.hpp">
      <Filter>Header Files</Filter>
    </ClInclude>
    <ClInclude Include="..\acsvm\ACSVM\Script.hpp">
      <Filter>Header Files</Filter>
    </ClInclude>
    <ClInclude Include="..\acsvm\ACSVM\Stack.hpp">
      <Filter>Header Files</Filter>
    </ClInclude>
    <ClInclude Include="..\acsvm\ACSVM\Store.hpp">
      <Filter>Header Files</Filter>
    </ClInclude>
    <ClInclude Include="..\acsvm\ACSVM\String.hpp">
      <Filter>Header Files</Filter>
    </ClInclude>
    <ClInclude Include="..\acsvm\ACSVM\Thread.hpp">
      <Filter>Header Files</Filter>
    </ClInclude>
    <ClInclude Include="..\acsvm\ACSVM\Tracer.hpp">
      <Filter>Header Files</Filter>
    </ClInclude>
    <ClInclude Include="..\acsvm\ACSVM\Types.hpp">
      <Filter>Header Files</Filter>
    </ClInclude>
    <ClInclude Include="..\acsvm\ACSVM\Vector.hpp">
      <Filter>Header Files</Filter>
    </ClInclude>
    <ClInclude Include="..\acsvm\ACSVM\ID.hpp">
      <Filter>Header Files</Filter>
    </ClInclude>
    <ClInclude Include="..\acsvm\ACSVM\Serial.hpp">
      <Filter>Header Files</Filter>
    </ClInclude>
  </ItemGroup>
</Project>