<?xml version="1.0" encoding="utf-8"?>
<Project ToolsVersion="4.0" xmlns="http://schemas.microsoft.com/developer/msbuild/2003">
  <ItemGroup>
    <Filter Include="Source Files">
      <UniqueIdentifier>{4FC737F1-C7A5-4376-A066-2A32D752A2FF}</UniqueIdentifier>
      <Extensions>cpp;c;cc;cxx;def;odl;idl;hpj;bat;asm;asmx</Extensions>
    </Filter>
    <Filter Include="Header Files">
      <UniqueIdentifier>{93995380-89BD-4b04-88EB-625FBE52EBFB}</UniqueIdentifier>
      <Extensions>h;hh;hpp;hxx;hm;inl;inc;ipp;xsd</Extensions>
    </Filter>
    <Filter Include="Resource Files">
      <UniqueIdentifier>{67DA6AB6-F800-4c08-8B7A-83BB121AAD01}</UniqueIdentifier>
      <Extensions>rc;ico;cur;bmp;dlg;rc2;rct;bin;rgs;gif;jpg;jpeg;jpe;resx;tiff;tif;png;wav;mfcribbon-ms</Extensions>
    </Filter>
    <Filter Include="Header Files\include">
      <UniqueIdentifier>{44705ca0-7abe-410d-bd41-64cb3d64fe41}</UniqueIdentifier>
    </Filter>
    <Filter Include="Source Files\wopl">
      <UniqueIdentifier>{1b77eb3a-2517-4af9-b123-ec0530b2b6b8}</UniqueIdentifier>
    </Filter>
    <Filter Include="Source Files\chips">
      <UniqueIdentifier>{868e327d-ad80-4636-9d9b-4f167ce6eb6c}</UniqueIdentifier>
    </Filter>
    <Filter Include="Source Files\chips\dosbox">
      <UniqueIdentifier>{fd88568e-cddb-44fc-8229-dbd46cae16f2}</UniqueIdentifier>
    </Filter>
    <Filter Include="Source Files\chips\nuked">
      <UniqueIdentifier>{cb2a779c-ba63-4aa6-b935-e58ab2aa1408}</UniqueIdentifier>
    </Filter>
    <Filter Include="Header Files\src">
      <UniqueIdentifier>{ac654467-7d8f-449c-91f2-098e713449f0}</UniqueIdentifier>
    </Filter>
    <Filter Include="Header Files\src\wopl">
      <UniqueIdentifier>{b1f3da98-a3ea-4a89-82f8-683aeef9f0ba}</UniqueIdentifier>
    </Filter>
    <Filter Include="Header Files\src\chips">
      <UniqueIdentifier>{d8a1e4ee-2863-45f4-a812-e5deea9a671a}</UniqueIdentifier>
    </Filter>
    <Filter Include="Header Files\src\chips\dosbox">
      <UniqueIdentifier>{661bd75f-f308-4446-95e2-d6628a9c92e3}</UniqueIdentifier>
    </Filter>
    <Filter Include="Header Files\src\chips\nuked">
      <UniqueIdentifier>{ea76083a-6a8f-49a8-b857-c69e9bd745be}</UniqueIdentifier>
    </Filter>
    <Filter Include="Source Files\structures">
      <UniqueIdentifier>{47eedb42-6d8b-48d8-862a-49241c72430b}</UniqueIdentifier>
    </Filter>
    <Filter Include="Header Files\src\structures">
      <UniqueIdentifier>{4cc55536-828b-4183-a540-c0844bfd3db5}</UniqueIdentifier>
    </Filter>
    <Filter Include="Header Files\src\chips\java">
      <UniqueIdentifier>{3c74b706-b456-4a8a-a1a3-5d090209fc24}</UniqueIdentifier>
    </Filter>
    <Filter Include="Header Files\src\chips\opal">
      <UniqueIdentifier>{8560ebc3-d408-4b79-b496-3ade4b60f9e5}</UniqueIdentifier>
    </Filter>
  </ItemGroup>
  <ItemGroup>
    <ClInclude Include="..\adlmidi\include\adlmidi.h">
      <Filter>Header Files\include</Filter>
    </ClInclude>
    <ClInclude Include="..\adlmidi\include\adlmidi.hpp">
      <Filter>Header Files\include</Filter>
    </ClInclude>
    <ClInclude Include="..\adlmidi\src\adldata.hh">
      <Filter>Header Files\src</Filter>
    </ClInclude>
    <ClInclude Include="..\adlmidi\src\adlmidi_bankmap.h">
      <Filter>Header Files\src</Filter>
    </ClInclude>
    <ClInclude Include="..\adlmidi\src\adlmidi_cvt.hpp">
      <Filter>Header Files\src</Filter>
    </ClInclude>
    <ClInclude Include="..\adlmidi\src\adlmidi_private.hpp">
      <Filter>Header Files\src</Filter>
    </ClInclude>
    <ClInclude Include="..\adlmidi\src\adlmidi_ptr.hpp">
      <Filter>Header Files\src</Filter>
    </ClInclude>
    <ClInclude Include="..\adlmidi\src\cvt_mus2mid.hpp">
      <Filter>Header Files\src</Filter>
    </ClInclude>
    <ClInclude Include="..\adlmidi\src\cvt_xmi2mid.hpp">
      <Filter>Header Files\src</Filter>
    </ClInclude>
    <ClInclude Include="..\adlmidi\src\file_reader.hpp">
      <Filter>Header Files\src</Filter>
    </ClInclude>
    <ClInclude Include="..\adlmidi\src\fraction.hpp">
      <Filter>Header Files\src</Filter>
    </ClInclude>
    <ClInclude Include="..\adlmidi\src\midi_sequencer.h">
      <Filter>Header Files\src</Filter>
    </ClInclude>
    <ClInclude Include="..\adlmidi\src\midi_sequencer.hpp">
      <Filter>Header Files\src</Filter>
    </ClInclude>
    <ClInclude Include="..\adlmidi\src\midi_sequencer_impl.hpp">
      <Filter>Header Files\src</Filter>
    </ClInclude>
    <ClInclude Include="..\adlmidi\src\wopl\wopl_file.h">
      <Filter>Header Files\src\wopl</Filter>
    </ClInclude>
    <ClInclude Include="..\adlmidi\src\chips\dosbox_opl3.h">
      <Filter>Header Files\src\chips</Filter>
    </ClInclude>
    <ClInclude Include="..\adlmidi\src\chips\nuked_opl3.h">
      <Filter>Header Files\src\chips</Filter>
    </ClInclude>
    <ClInclude Include="..\adlmidi\src\chips\nuked_opl3_v174.h">
      <Filter>Header Files\src\chips</Filter>
    </ClInclude>
    <ClInclude Include="..\adlmidi\src\chips\opl_chip_base.h">
      <Filter>Header Files\src\chips</Filter>
    </ClInclude>
    <ClInclude Include="..\adlmidi\src\chips\nuked\nukedopl3.h">
      <Filter>Header Files\src\chips\nuked</Filter>
    </ClInclude>
    <ClInclude Include="..\adlmidi\src\chips\nuked\nukedopl3_174.h">
      <Filter>Header Files\src\chips\nuked</Filter>
    </ClInclude>
    <ClInclude Include="..\adlmidi\src\chips\dosbox\dbopl.h">
      <Filter>Header Files\src\chips\dosbox</Filter>
    </ClInclude>
    <ClInclude Include="..\adlmidi\src\chips\opl_chip_base.tcc">
      <Filter>Source Files\chips</Filter>
    </ClInclude>
    <ClInclude Include="..\adlmidi\src\adlmidi_bankmap.tcc">
      <Filter>Source Files</Filter>
    </ClInclude>
    <ClInclude Include="..\adlmidi\src\structures\pl_list.hpp">
      <Filter>Header Files\src\structures</Filter>
    </ClInclude>
    <ClInclude Include="..\adlmidi\src\adlmidi_midiplay.hpp">
      <Filter>Header Files\src</Filter>
    </ClInclude>
    <ClInclude Include="..\adlmidi\src\adlmidi_opl3.hpp">
      <Filter>Header Files\src</Filter>
    </ClInclude>
    <ClInclude Include="..\adlmidi\src\chips\java_opl3.h">
      <Filter>Header Files\src\chips</Filter>
    </ClInclude>
    <ClInclude Include="..\adlmidi\src\chips\opal_opl3.h">
      <Filter>Header Files\src\chips</Filter>
    </ClInclude>
    <ClInclude Include="..\adlmidi\src\chips\java\JavaOPL3.hpp">
      <Filter>Header Files\src\chips\java</Filter>
    </ClInclude>
    <ClInclude Include="..\adlmidi\src\chips\opal\opal.hpp">
      <Filter>Header Files\src\chips\opal</Filter>
    </ClInclude>
    <ClInclude Include="..\adlmidi\src\structures\pl_list.tcc">
      <Filter>Source Files\structures</Filter>
    </ClInclude>
  </ItemGroup>
  <ItemGroup>
    <ClCompile Include="..\adlmidi\src\adldata.cpp">
      <Filter>Source Files</Filter>
    </ClCompile>
    <ClCompile Include="..\adlmidi\src\adlmidi.cpp">
      <Filter>Source Files</Filter>
    </ClCompile>
    <ClCompile Include="..\adlmidi\src\adlmidi_load.cpp">
      <Filter>Source Files</Filter>
    </ClCompile>
    <ClCompile Include="..\adlmidi\src\adlmidi_midiplay.cpp">
      <Filter>Source Files</Filter>
    </ClCompile>
    <ClCompile Include="..\adlmidi\src\adlmidi_opl3.cpp">
      <Filter>Source Files</Filter>
    </ClCompile>
    <ClCompile Include="..\adlmidi\src\adlmidi_private.cpp">
      <Filter>Source Files</Filter>
    </ClCompile>
    <ClCompile Include="..\adlmidi\src\adlmidi_sequencer.cpp">
      <Filter>Source Files</Filter>
    </ClCompile>
    <ClCompile Include="..\adlmidi\src\chips\dosbox_opl3.cpp">
      <Filter>Source Files\chips</Filter>
    </ClCompile>
    <ClCompile Include="..\adlmidi\src\chips\nuked_opl3.cpp">
      <Filter>Source Files\chips</Filter>
    </ClCompile>
    <ClCompile Include="..\adlmidi\src\chips\nuked_opl3_v174.cpp">
      <Filter>Source Files\chips</Filter>
    </ClCompile>
    <ClCompile Include="..\adlmidi\src\chips\nuked\nukedopl3.c">
      <Filter>Source Files\chips\nuked</Filter>
    </ClCompile>
    <ClCompile Include="..\adlmidi\src\chips\nuked\nukedopl3_174.c">
      <Filter>Source Files\chips\nuked</Filter>
    </ClCompile>
    <ClCompile Include="..\adlmidi\src\chips\dosbox\dbopl.cpp">
      <Filter>Source Files\chips\dosbox</Filter>
    </ClCompile>
    <ClCompile Include="..\adlmidi\src\wopl\wopl_file.c">
      <Filter>Source Files\wopl</Filter>
    </ClCompile>
    <ClCompile Include="..\adlmidi\src\chips\opal_opl3.cpp">
      <Filter>Source Files\chips</Filter>
    </ClCompile>
    <ClCompile Include="..\adlmidi\src\chips\java_opl3.cpp">
      <Filter>Source Files\chips</Filter>
    </ClCompile>
  </ItemGroup>
</Project>