<?xml version="1.0" encoding="utf-8"?>
<Project ToolsVersion="4.0" xmlns="http://schemas.microsoft.com/developer/msbuild/2003">
  <ItemGroup>
    <Filter Include="Source Files">
      <UniqueIdentifier>{b34dac91-e18f-4331-8b91-5b0bfd65aa76}</UniqueIdentifier>
    </Filter>
    <Filter Include="Source Files\ACS_">
      <UniqueIdentifier>{7f9c5b8a-17dd-4de2-bb7c-0bf06ae42d8c}</UniqueIdentifier>
    </Filter>
    <Filter Include="Source Files\AM_">
      <UniqueIdentifier>{3fed5f3f-8630-435c-8a6b-4389a396c89b}</UniqueIdentifier>
    </Filter>
    <Filter Include="Source Files\C_">
      <UniqueIdentifier>{3fb78d11-e099-4f49-9e96-b9d5672a9df3}</UniqueIdentifier>
    </Filter>
    <Filter Include="Source Files\C_\C_ Source">
      <UniqueIdentifier>{1e07c6c0-e746-453f-ac6d-d49506ecbc41}</UniqueIdentifier>
    </Filter>
    <Filter Include="Source Files\C_\C_ Headers">
      <UniqueIdentifier>{4907f721-b935-411d-a03f-09680492a019}</UniqueIdentifier>
    </Filter>
    <Filter Include="Source Files\Confuse">
      <UniqueIdentifier>{44a09bb5-936d-49cf-ae19-5dbfc3dbe9db}</UniqueIdentifier>
    </Filter>
    <Filter Include="Source Files\D_">
      <UniqueIdentifier>{f3859b1f-cc5e-491d-8112-8d25ef365851}</UniqueIdentifier>
    </Filter>
    <Filter Include="Source Files\D_\D_ Source">
      <UniqueIdentifier>{9617b967-fecd-4a7e-adc3-9b817e20cfcc}</UniqueIdentifier>
    </Filter>
    <Filter Include="Source Files\D_\D_ Headers">
      <UniqueIdentifier>{63910fc1-b753-4aaa-b49e-16ed7ee198ea}</UniqueIdentifier>
    </Filter>
    <Filter Include="Source Files\doom">
      <UniqueIdentifier>{66cf4c0b-bd1c-404f-ab88-c8cf635dd01f}</UniqueIdentifier>
    </Filter>
    <Filter Include="Source Files\E_">
      <UniqueIdentifier>{79258fc4-c949-42a1-ab7c-fed28ca36b32}</UniqueIdentifier>
    </Filter>
    <Filter Include="Source Files\E_\E_ Source">
      <UniqueIdentifier>{bbd95425-0142-407b-9744-af4a98677bbf}</UniqueIdentifier>
    </Filter>
    <Filter Include="Source Files\E_\E_ Headers">
      <UniqueIdentifier>{151926f7-2cf7-4362-a0e5-e6968f7b9aa4}</UniqueIdentifier>
    </Filter>
    <Filter Include="Source Files\F_">
      <UniqueIdentifier>{d081db3e-a274-461a-852e-f872de9e0bf3}</UniqueIdentifier>
    </Filter>
    <Filter Include="Source Files\G_">
      <UniqueIdentifier>{78541c07-b3bd-4ef6-bc61-9a8ac1ce9f13}</UniqueIdentifier>
    </Filter>
    <Filter Include="Source Files\G_\G_ Source">
      <UniqueIdentifier>{52f0fe4d-081c-4fc6-95f1-2d60801e6d40}</UniqueIdentifier>
    </Filter>
    <Filter Include="Source Files\G_\G_ Headers">
      <UniqueIdentifier>{b05fb77d-4cf7-4c32-93f6-ad442d8848f3}</UniqueIdentifier>
    </Filter>
    <Filter Include="Source Files\IN">
      <UniqueIdentifier>{ef3ee0e1-f0a4-4029-ad0c-bd280e5fc1ed}</UniqueIdentifier>
    </Filter>
    <Filter Include="Source Files\M_">
      <UniqueIdentifier>{fa4e746d-a866-4f54-8c51-f8580de29568}</UniqueIdentifier>
    </Filter>
    <Filter Include="Source Files\M_\M_ Source">
      <UniqueIdentifier>{c2a9d024-1833-481e-b489-a27c9c001c49}</UniqueIdentifier>
    </Filter>
    <Filter Include="Source Files\M_\M_ Headers">
      <UniqueIdentifier>{28596ffe-8f90-45bf-831e-a1662af257b5}</UniqueIdentifier>
    </Filter>
    <Filter Include="Source Files\Mn_">
      <UniqueIdentifier>{484d2fc2-5547-4a39-958c-91ee7e6b2866}</UniqueIdentifier>
    </Filter>
    <Filter Include="Source Files\Mn_\Mn_ Source">
      <UniqueIdentifier>{8c85c9e6-7e27-4e78-80fc-9d5a2fc4afeb}</UniqueIdentifier>
    </Filter>
    <Filter Include="Source Files\Mn_\Mn_ Headers">
      <UniqueIdentifier>{a99f61d8-9f33-4d00-8f3e-e322981ab481}</UniqueIdentifier>
    </Filter>
    <Filter Include="Source Files\P_">
      <UniqueIdentifier>{4bd0c88a-0ca5-4c70-bac5-ed5235136cb8}</UniqueIdentifier>
    </Filter>
    <Filter Include="Source Files\P_\P_ Source">
      <UniqueIdentifier>{d78f4868-cc9b-4429-9a79-4180ef42b625}</UniqueIdentifier>
      <Extensions>c</Extensions>
    </Filter>
    <Filter Include="Source Files\P_\P_ Headers">
      <UniqueIdentifier>{6418069c-4163-482f-a22f-c76acc20efd3}</UniqueIdentifier>
    </Filter>
    <Filter Include="Source Files\R_">
      <UniqueIdentifier>{5ffabea7-7dff-4d0b-9748-54a182933f13}</UniqueIdentifier>
    </Filter>
    <Filter Include="Source Files\R_\R_ Source">
      <UniqueIdentifier>{5933e208-3a23-4379-8d68-1c064bfc7633}</UniqueIdentifier>
    </Filter>
    <Filter Include="Source Files\R_\R_ Headers">
      <UniqueIdentifier>{81bd376e-85fa-4cd3-ac36-830014b7e6cd}</UniqueIdentifier>
    </Filter>
    <Filter Include="Source Files\S_">
      <UniqueIdentifier>{5bba5408-2f6a-468f-a0d1-f85bb3b7c3f6}</UniqueIdentifier>
    </Filter>
    <Filter Include="Source Files\SDL">
      <UniqueIdentifier>{4fc11c2f-050b-42b0-a14c-5d8acba56bde}</UniqueIdentifier>
    </Filter>
    <Filter Include="Source Files\SDL\SDL Source">
      <UniqueIdentifier>{50e02c1d-3541-411d-ad49-c4179e750265}</UniqueIdentifier>
    </Filter>
    <Filter Include="Source Files\SDL\SDL Headers">
      <UniqueIdentifier>{a69eaf6d-3ea8-484b-9dec-dd4dd1d9d564}</UniqueIdentifier>
    </Filter>
    <Filter Include="Source Files\SDL\midiproc">
      <UniqueIdentifier>{a66bc511-a974-4ffe-9283-9dd7349673d9}</UniqueIdentifier>
    </Filter>
    <Filter Include="Source Files\ST_">
      <UniqueIdentifier>{c49d5ae2-c23a-43ac-899c-741ebc47f03a}</UniqueIdentifier>
    </Filter>
    <Filter Include="Source Files\V_">
      <UniqueIdentifier>{bee5f6fe-4473-4305-ba5b-ef339392ef91}</UniqueIdentifier>
    </Filter>
    <Filter Include="Source Files\V_\V_ Source">
      <UniqueIdentifier>{acf85871-9101-4279-8229-0374c375108d}</UniqueIdentifier>
    </Filter>
    <Filter Include="Source Files\V_\V_ Headers">
      <UniqueIdentifier>{c301cf20-aa1a-4d16-ab7f-cbf36b6ee677}</UniqueIdentifier>
    </Filter>
    <Filter Include="Source Files\W_">
      <UniqueIdentifier>{6e7b8593-7677-4995-96db-1d76c97825ac}</UniqueIdentifier>
    </Filter>
    <Filter Include="Source Files\W_\W_ Headers">
      <UniqueIdentifier>{b901a681-e1c4-4b15-9461-09e799127121}</UniqueIdentifier>
    </Filter>
    <Filter Include="Source Files\W_\W_ Source">
      <UniqueIdentifier>{0c0ff2db-f468-4fcb-8718-96613cf48394}</UniqueIdentifier>
    </Filter>
    <Filter Include="Source Files\Z_">
      <UniqueIdentifier>{c8e666f5-454a-4370-aa49-66bdec685159}</UniqueIdentifier>
    </Filter>
    <Filter Include="Source Files\Misc">
      <UniqueIdentifier>{0022419a-ff53-44c0-8a9b-b14982d2c9e2}</UniqueIdentifier>
    </Filter>
    <Filter Include="Source Files\Misc\Misc Source">
      <UniqueIdentifier>{047a3b56-2650-42aa-8085-dbbfb64ab9c0}</UniqueIdentifier>
    </Filter>
    <Filter Include="Source Files\Misc\Misc Headers">
      <UniqueIdentifier>{01be234c-22fd-4e80-a8a2-221bd833ea5c}</UniqueIdentifier>
      <Extensions>h;hpp;hxx;hm;inl</Extensions>
    </Filter>
    <Filter Include="Source Files\TXT_">
      <UniqueIdentifier>{5eb4bb65-96a1-4111-89bf-bb165ae262e3}</UniqueIdentifier>
    </Filter>
    <Filter Include="Source Files\TXT_\TXT Source">
      <UniqueIdentifier>{c9c6d834-83a5-4361-9119-0d98aefdd2aa}</UniqueIdentifier>
    </Filter>
    <Filter Include="Source Files\TXT_\TXT Headers">
      <UniqueIdentifier>{e88cba84-cfb6-46bb-9856-f75ccde43b63}</UniqueIdentifier>
    </Filter>
    <Filter Include="Source Files\A_">
      <UniqueIdentifier>{50e7f319-f3bc-4c0b-a986-f8fae43cc38a}</UniqueIdentifier>
    </Filter>
    <Filter Include="Source Files\A_\A_ Source">
      <UniqueIdentifier>{53f1631c-0dc7-47b6-9886-624a2912a4de}</UniqueIdentifier>
    </Filter>
    <Filter Include="Source Files\A_\A_ Headers">
      <UniqueIdentifier>{6e6edf41-462d-4cd1-8eb0-83d9c2ab56dc}</UniqueIdentifier>
    </Filter>
    <Filter Include="Source Files\XL_">
      <UniqueIdentifier>{0e764506-8ff3-4044-9428-b90f12589cb8}</UniqueIdentifier>
    </Filter>
    <Filter Include="Source Files\HAL">
      <UniqueIdentifier>{77072d5a-d83b-4809-8a99-6b7d1183686a}</UniqueIdentifier>
    </Filter>
    <Filter Include="Source Files\HAL\HAL Source">
      <UniqueIdentifier>{04795ec4-d423-441a-86b8-8468927d7243}</UniqueIdentifier>
    </Filter>
    <Filter Include="Source Files\HAL\HAL Headers">
      <UniqueIdentifier>{62f666f2-09f2-4057-80c1-b511520abba4}</UniqueIdentifier>
    </Filter>
    <Filter Include="Source Files\GL">
      <UniqueIdentifier>{7eb4559d-5005-46e4-b6b3-bcf4d90629b3}</UniqueIdentifier>
    </Filter>
    <Filter Include="Source Files\GL\GL Source">
      <UniqueIdentifier>{d98fbd92-7a9b-4aec-ad2f-ed84de734afb}</UniqueIdentifier>
    </Filter>
    <Filter Include="Source Files\GL\GL Headers">
      <UniqueIdentifier>{cbfe22a5-c067-4a80-a6e1-8c56074094a0}</UniqueIdentifier>
    </Filter>
    <Filter Include="Source Files\MetaAPI">
      <UniqueIdentifier>{41a8c12a-31a1-443f-a1a0-91eefc714134}</UniqueIdentifier>
    </Filter>
    <Filter Include="Source Files\Cam">
      <UniqueIdentifier>{5c6b84ca-317a-427d-92c5-a2ecc5efc61f}</UniqueIdentifier>
    </Filter>
    <Filter Include="Source Files\EV_">
      <UniqueIdentifier>{71b085c7-443a-446e-8586-df2686087ba7}</UniqueIdentifier>
    </Filter>
    <Filter Include="Source Files\EV_\EV_ Headers">
      <UniqueIdentifier>{fb999acc-2ad3-4821-b501-c9c1ce62c6ea}</UniqueIdentifier>
    </Filter>
    <Filter Include="Source Files\EV_\EV_ Source">
      <UniqueIdentifier>{fd077837-cea0-46fa-9c73-22d3b6ab8ea2}</UniqueIdentifier>
    </Filter>
    <Filter Include="Source Files\T_">
      <UniqueIdentifier>{b98357e3-f12d-482f-a30f-4ef95ce7286e}</UniqueIdentifier>
    </Filter>
    <Filter Include="Source Files\Win32">
      <UniqueIdentifier>{a07b404e-431c-4ce0-854e-95fba127471a}</UniqueIdentifier>
    </Filter>
    <Filter Include="Source Files\Win32\Win32 Headers">
      <UniqueIdentifier>{695a993e-ed19-47ed-a6ea-6723a4a2163c}</UniqueIdentifier>
    </Filter>
    <Filter Include="Source Files\Win32\Win32 Source">
      <UniqueIdentifier>{cca953b5-48d6-4c02-9406-c15e382a3d39}</UniqueIdentifier>
    </Filter>
    <Filter Include="Resource Files">
      <UniqueIdentifier>{f508b859-c713-472e-9f57-6c830f4015f8}</UniqueIdentifier>
      <Extensions>ico;cur;bmp;dlg;rc2;rct;bin;rgs;gif;jpg;jpeg;jpe</Extensions>
    </Filter>
    <Filter Include="Source Files\HU_">
      <UniqueIdentifier>{8b988616-fb19-4f45-a018-ab8486c1f4da}</UniqueIdentifier>
    </Filter>
    <Filter Include="Source Files\HU_\HU_ Source">
      <UniqueIdentifier>{430ac966-e835-4c8f-a47f-494cc732bd59}</UniqueIdentifier>
    </Filter>
    <Filter Include="Source Files\HU_\HU_ Headers">
      <UniqueIdentifier>{adac8b7e-981e-409e-801b-fbfc2ce5243a}</UniqueIdentifier>
    </Filter>
    <Filter Include="Source Files\S_\S_ Headers">
      <UniqueIdentifier>{6f49c79b-9ba7-479b-982f-80a88a32eace}</UniqueIdentifier>
    </Filter>
    <Filter Include="Source Files\S_\S_ Source">
      <UniqueIdentifier>{db06d03f-cab2-4823-98b6-8b2bd21b98be}</UniqueIdentifier>
    </Filter>
    <Filter Include="Source Files\XL_\XL_ Headers">
      <UniqueIdentifier>{83a57dbd-d96f-4232-9c63-ed719eee9717}</UniqueIdentifier>
    </Filter>
    <Filter Include="Source Files\XL_\XL_ Source">
      <UniqueIdentifier>{09ccd1ab-91bb-4216-9ff4-c314b45f28c8}</UniqueIdentifier>
    </Filter>
  </ItemGroup>
  <ItemGroup>
    <ClCompile Include="..\source\acs_func.cpp">
      <Filter>Source Files\ACS_</Filter>
    </ClCompile>
    <ClCompile Include="..\source\acs_intr.cpp">
      <Filter>Source Files\ACS_</Filter>
    </ClCompile>
    <ClCompile Include="..\Source\am_color.cpp">
      <Filter>Source Files\AM_</Filter>
    </ClCompile>
    <ClCompile Include="..\Source\am_map.cpp">
      <Filter>Source Files\AM_</Filter>
    </ClCompile>
    <ClCompile Include="..\source\c_batch.cpp">
      <Filter>Source Files\C_\C_ Source</Filter>
    </ClCompile>
    <ClCompile Include="..\Source\c_cmd.cpp">
      <Filter>Source Files\C_\C_ Source</Filter>
    </ClCompile>
    <ClCompile Include="..\Source\c_io.cpp">
      <Filter>Source Files\C_\C_ Source</Filter>
    </ClCompile>
    <ClCompile Include="..\Source\c_net.cpp">
      <Filter>Source Files\C_\C_ Source</Filter>
    </ClCompile>
    <ClCompile Include="..\Source\c_runcmd.cpp">
      <Filter>Source Files\C_\C_ Source</Filter>
    </ClCompile>
    <ClCompile Include="..\Source\Confuse\confuse.cpp">
      <Filter>Source Files\Confuse</Filter>
    </ClCompile>
    <ClCompile Include="..\Source\Confuse\lexer.cpp">
      <Filter>Source Files\Confuse</Filter>
    </ClCompile>
    <ClCompile Include="..\Source\d_deh.cpp">
      <Filter>Source Files\D_\D_ Source</Filter>
    </ClCompile>
    <ClCompile Include="..\Source\d_dehtbl.cpp">
      <Filter>Source Files\D_\D_ Source</Filter>
    </ClCompile>
    <ClCompile Include="..\source\d_diskfile.cpp">
      <Filter>Source Files\D_\D_ Source</Filter>
    </ClCompile>
    <ClCompile Include="..\source\d_files.cpp">
      <Filter>Source Files\D_\D_ Source</Filter>
    </ClCompile>
    <ClCompile Include="..\source\d_findiwads.cpp">
      <Filter>Source Files\D_\D_ Source</Filter>
    </ClCompile>
    <ClCompile Include="..\Source\d_gi.cpp">
      <Filter>Source Files\D_\D_ Source</Filter>
    </ClCompile>
    <ClCompile Include="..\Source\d_io.cpp">
      <Filter>Source Files\D_\D_ Source</Filter>
    </ClCompile>
    <ClCompile Include="..\Source\d_items.cpp">
      <Filter>Source Files\D_\D_ Source</Filter>
    </ClCompile>
    <ClCompile Include="..\source\d_iwad.cpp">
      <Filter>Source Files\D_\D_ Source</Filter>
    </ClCompile>
    <ClCompile Include="..\Source\d_main.cpp">
      <Filter>Source Files\D_\D_ Source</Filter>
    </ClCompile>
    <ClCompile Include="..\Source\d_net.cpp">
      <Filter>Source Files\D_\D_ Source</Filter>
    </ClCompile>
    <ClCompile Include="..\Source\doomdef.cpp">
      <Filter>Source Files\doom</Filter>
    </ClCompile>
    <ClCompile Include="..\Source\doomstat.cpp">
      <Filter>Source Files\doom</Filter>
    </ClCompile>
    <ClCompile Include="..\Source\dstrings.cpp">
      <Filter>Source Files\doom</Filter>
    </ClCompile>
    <ClCompile Include="..\source\e_args.cpp">
      <Filter>Source Files\E_\E_ Source</Filter>
    </ClCompile>
    <ClCompile Include="..\Source\e_cmd.cpp">
      <Filter>Source Files\E_\E_ Source</Filter>
    </ClCompile>
    <ClCompile Include="..\source\e_dstate.cpp">
      <Filter>Source Files\E_\E_ Source</Filter>
    </ClCompile>
    <ClCompile Include="..\Source\e_edf.cpp">
      <Filter>Source Files\E_\E_ Source</Filter>
    </ClCompile>
    <ClCompile Include="..\Source\e_exdata.cpp">
      <Filter>Source Files\E_\E_ Source</Filter>
    </ClCompile>
    <ClCompile Include="..\source\e_fonts.cpp">
      <Filter>Source Files\E_\E_ Source</Filter>
    </ClCompile>
    <ClCompile Include="..\source\e_gameprops.cpp">
      <Filter>Source Files\E_\E_ Source</Filter>
    </ClCompile>
    <ClCompile Include="..\source\e_hash.cpp">
      <Filter>Source Files\E_\E_ Source</Filter>
    </ClCompile>
    <ClCompile Include="..\Source\e_lib.cpp">
      <Filter>Source Files\E_\E_ Source</Filter>
    </ClCompile>
    <ClCompile Include="..\source\e_mod.cpp">
      <Filter>Source Files\E_\E_ Source</Filter>
    </ClCompile>
    <ClCompile Include="..\source\e_player.cpp">
      <Filter>Source Files\E_\E_ Source</Filter>
    </ClCompile>
    <ClCompile Include="..\source\e_rtti.cpp">
      <Filter>Source Files\E_\E_ Source</Filter>
    </ClCompile>
    <ClCompile Include="..\Source\e_sound.cpp">
      <Filter>Source Files\E_\E_ Source</Filter>
    </ClCompile>
    <ClCompile Include="..\source\e_sprite.cpp">
      <Filter>Source Files\E_\E_ Source</Filter>
    </ClCompile>
    <ClCompile Include="..\Source\e_states.cpp">
      <Filter>Source Files\E_\E_ Source</Filter>
    </ClCompile>
    <ClCompile Include="..\Source\e_string.cpp">
      <Filter>Source Files\E_\E_ Source</Filter>
    </ClCompile>
    <ClCompile Include="..\Source\e_things.cpp">
      <Filter>Source Files\E_\E_ Source</Filter>
    </ClCompile>
    <ClCompile Include="..\Source\e_ttypes.cpp">
      <Filter>Source Files\E_\E_ Source</Filter>
    </ClCompile>
    <ClCompile Include="..\Source\f_finale.cpp">
      <Filter>Source Files\F_</Filter>
    </ClCompile>
    <ClCompile Include="..\Source\f_wipe.cpp">
      <Filter>Source Files\F_</Filter>
    </ClCompile>
    <ClCompile Include="..\Source\g_bind.cpp">
      <Filter>Source Files\G_\G_ Source</Filter>
    </ClCompile>
    <ClCompile Include="..\Source\g_cmd.cpp">
      <Filter>Source Files\G_\G_ Source</Filter>
    </ClCompile>
    <ClCompile Include="..\Source\g_dmflag.cpp">
      <Filter>Source Files\G_\G_ Source</Filter>
    </ClCompile>
    <ClCompile Include="..\Source\g_game.cpp">
      <Filter>Source Files\G_\G_ Source</Filter>
    </ClCompile>
    <ClCompile Include="..\Source\g_gfs.cpp">
      <Filter>Source Files\G_\G_ Source</Filter>
    </ClCompile>
    <ClCompile Include="..\Source\hu_frags.cpp">
      <Filter>Source Files\HU_\HU_ Source</Filter>
    </ClCompile>
    <ClCompile Include="..\Source\hu_over.cpp">
      <Filter>Source Files\HU_\HU_ Source</Filter>
    </ClCompile>
    <ClCompile Include="..\Source\hu_stuff.cpp">
      <Filter>Source Files\HU_\HU_ Source</Filter>
    </ClCompile>
    <ClCompile Include="..\Source\hi_stuff.cpp">
      <Filter>Source Files\IN</Filter>
    </ClCompile>
    <ClCompile Include="..\Source\in_lude.cpp">
      <Filter>Source Files\IN</Filter>
    </ClCompile>
    <ClCompile Include="..\Source\wi_stuff.cpp">
      <Filter>Source Files\IN</Filter>
    </ClCompile>
    <ClCompile Include="..\Source\m_argv.cpp">
      <Filter>Source Files\M_\M_ Source</Filter>
    </ClCompile>
    <ClCompile Include="..\Source\m_bbox.cpp">
      <Filter>Source Files\M_\M_ Source</Filter>
    </ClCompile>
    <ClCompile Include="..\source\m_buffer.cpp">
      <Filter>Source Files\M_\M_ Source</Filter>
    </ClCompile>
    <ClCompile Include="..\Source\m_cheat.cpp">
      <Filter>Source Files\M_\M_ Source</Filter>
    </ClCompile>
    <ClCompile Include="..\Source\m_fcvt.cpp">
      <Filter>Source Files\M_\M_ Source</Filter>
    </ClCompile>
    <ClCompile Include="..\source\m_hash.cpp">
      <Filter>Source Files\M_\M_ Source</Filter>
    </ClCompile>
    <ClCompile Include="..\Source\m_misc.cpp">
      <Filter>Source Files\M_\M_ Source</Filter>
    </ClCompile>
    <ClCompile Include="..\Source\m_qstr.cpp">
      <Filter>Source Files\M_\M_ Source</Filter>
    </ClCompile>
    <ClCompile Include="..\Source\m_queue.cpp">
      <Filter>Source Files\M_\M_ Source</Filter>
    </ClCompile>
    <ClCompile Include="..\Source\m_random.cpp">
      <Filter>Source Files\M_\M_ Source</Filter>
    </ClCompile>
    <ClCompile Include="..\source\m_shots.cpp">
      <Filter>Source Files\M_\M_ Source</Filter>
    </ClCompile>
    <ClCompile Include="..\source\m_strcasestr.cpp">
      <Filter>Source Files\M_\M_ Source</Filter>
    </ClCompile>
    <ClCompile Include="..\source\m_syscfg.cpp">
      <Filter>Source Files\M_\M_ Source</Filter>
    </ClCompile>
    <ClCompile Include="..\source\m_vector.cpp">
      <Filter>Source Files\M_\M_ Source</Filter>
    </ClCompile>
    <ClCompile Include="..\source\mn_emenu.cpp">
      <Filter>Source Files\Mn_\Mn_ Source</Filter>
    </ClCompile>
    <ClCompile Include="..\Source\mn_engin.cpp">
      <Filter>Source Files\Mn_\Mn_ Source</Filter>
    </ClCompile>
    <ClCompile Include="..\source\mn_files.cpp">
      <Filter>Source Files\Mn_\Mn_ Source</Filter>
    </ClCompile>
    <ClCompile Include="..\Source\mn_htic.cpp">
      <Filter>Source Files\Mn_\Mn_ Source</Filter>
    </ClCompile>
    <ClCompile Include="..\Source\mn_menus.cpp">
      <Filter>Source Files\Mn_\Mn_ Source</Filter>
    </ClCompile>
    <ClCompile Include="..\Source\mn_misc.cpp">
      <Filter>Source Files\Mn_\Mn_ Source</Filter>
    </ClCompile>
    <ClCompile Include="..\Source\mn_skinv.cpp">
      <Filter>Source Files\Mn_\Mn_ Source</Filter>
    </ClCompile>
    <ClCompile Include="..\Source\p_anim.cpp">
      <Filter>Source Files\P_\P_ Source</Filter>
    </ClCompile>
    <ClCompile Include="..\Source\p_ceilng.cpp">
      <Filter>Source Files\P_\P_ Source</Filter>
    </ClCompile>
    <ClCompile Include="..\Source\p_chase.cpp">
      <Filter>Source Files\P_\P_ Source</Filter>
    </ClCompile>
    <ClCompile Include="..\Source\p_cmd.cpp">
      <Filter>Source Files\P_\P_ Source</Filter>
    </ClCompile>
    <ClCompile Include="..\Source\p_doors.cpp">
      <Filter>Source Files\P_\P_ Source</Filter>
    </ClCompile>
    <ClCompile Include="..\Source\p_enemy.cpp">
      <Filter>Source Files\P_\P_ Source</Filter>
    </ClCompile>
    <ClCompile Include="..\Source\p_floor.cpp">
      <Filter>Source Files\P_\P_ Source</Filter>
    </ClCompile>
    <ClCompile Include="..\Source\p_genlin.cpp">
      <Filter>Source Files\P_\P_ Source</Filter>
    </ClCompile>
    <ClCompile Include="..\Source\p_hubs.cpp">
      <Filter>Source Files\P_\P_ Source</Filter>
    </ClCompile>
    <ClCompile Include="..\Source\p_info.cpp">
      <Filter>Source Files\P_\P_ Source</Filter>
    </ClCompile>
    <ClCompile Include="..\Source\p_inter.cpp">
      <Filter>Source Files\P_\P_ Source</Filter>
    </ClCompile>
    <ClCompile Include="..\Source\p_lights.cpp">
      <Filter>Source Files\P_\P_ Source</Filter>
    </ClCompile>
    <ClCompile Include="..\Source\p_map.cpp">
      <Filter>Source Files\P_\P_ Source</Filter>
    </ClCompile>
    <ClCompile Include="..\source\p_map3d.cpp">
      <Filter>Source Files\P_\P_ Source</Filter>
    </ClCompile>
    <ClCompile Include="..\Source\p_maputl.cpp">
      <Filter>Source Files\P_\P_ Source</Filter>
    </ClCompile>
    <ClCompile Include="..\Source\p_mobj.cpp">
      <Filter>Source Files\P_\P_ Source</Filter>
    </ClCompile>
    <ClCompile Include="..\source\p_mobjcol.cpp">
      <Filter>Source Files\P_\P_ Source</Filter>
    </ClCompile>
    <ClCompile Include="..\Source\p_partcl.cpp">
      <Filter>Source Files\P_\P_ Source</Filter>
    </ClCompile>
    <ClCompile Include="..\Source\p_plats.cpp">
      <Filter>Source Files\P_\P_ Source</Filter>
    </ClCompile>
    <ClCompile Include="..\source\p_portal.cpp">
      <Filter>Source Files\P_\P_ Source</Filter>
    </ClCompile>
    <ClCompile Include="..\Source\p_pspr.cpp">
      <Filter>Source Files\P_\P_ Source</Filter>
    </ClCompile>
    <ClCompile Include="..\source\p_pushers.cpp">
      <Filter>Source Files\P_\P_ Source</Filter>
    </ClCompile>
    <ClCompile Include="..\Source\p_saveg.cpp">
      <Filter>Source Files\P_\P_ Source</Filter>
    </ClCompile>
    <ClCompile Include="..\source\p_scroll.cpp">
      <Filter>Source Files\P_\P_ Source</Filter>
    </ClCompile>
    <ClCompile Include="..\source\p_sector.cpp">
      <Filter>Source Files\P_\P_ Source</Filter>
    </ClCompile>
    <ClCompile Include="..\Source\p_setup.cpp">
      <Filter>Source Files\P_\P_ Source</Filter>
    </ClCompile>
    <ClCompile Include="..\Source\p_sight.cpp">
      <Filter>Source Files\P_\P_ Source</Filter>
    </ClCompile>
    <ClCompile Include="..\Source\p_skin.cpp">
      <Filter>Source Files\P_\P_ Source</Filter>
    </ClCompile>
    <ClCompile Include="..\source\p_slopes.cpp">
      <Filter>Source Files\P_\P_ Source</Filter>
    </ClCompile>
    <ClCompile Include="..\Source\p_spec.cpp">
      <Filter>Source Files\P_\P_ Source</Filter>
    </ClCompile>
    <ClCompile Include="..\Source\p_switch.cpp">
      <Filter>Source Files\P_\P_ Source</Filter>
    </ClCompile>
    <ClCompile Include="..\Source\p_telept.cpp">
      <Filter>Source Files\P_\P_ Source</Filter>
    </ClCompile>
    <ClCompile Include="..\source\p_things.cpp">
      <Filter>Source Files\P_\P_ Source</Filter>
    </ClCompile>
    <ClCompile Include="..\Source\p_tick.cpp">
      <Filter>Source Files\P_\P_ Source</Filter>
    </ClCompile>
    <ClCompile Include="..\source\p_trace.cpp">
      <Filter>Source Files\P_\P_ Source</Filter>
    </ClCompile>
    <ClCompile Include="..\Source\p_user.cpp">
      <Filter>Source Files\P_\P_ Source</Filter>
    </ClCompile>
    <ClCompile Include="..\source\p_xenemy.cpp">
      <Filter>Source Files\P_\P_ Source</Filter>
    </ClCompile>
    <ClCompile Include="..\source\polyobj.cpp">
      <Filter>Source Files\P_\P_ Source</Filter>
    </ClCompile>
    <ClCompile Include="..\Source\r_bsp.cpp">
      <Filter>Source Files\R_\R_ Source</Filter>
    </ClCompile>
    <ClCompile Include="..\Source\r_data.cpp">
      <Filter>Source Files\R_\R_ Source</Filter>
    </ClCompile>
    <ClCompile Include="..\Source\r_draw.cpp">
      <Filter>Source Files\R_\R_ Source</Filter>
    </ClCompile>
    <ClCompile Include="..\source\r_drawq.cpp">
      <Filter>Source Files\R_\R_ Source</Filter>
    </ClCompile>
    <ClCompile Include="..\source\r_dynabsp.cpp">
      <Filter>Source Files\R_\R_ Source</Filter>
    </ClCompile>
    <ClCompile Include="..\source\r_dynseg.cpp">
      <Filter>Source Files\R_\R_ Source</Filter>
    </ClCompile>
    <ClCompile Include="..\Source\r_main.cpp">
      <Filter>Source Files\R_\R_ Source</Filter>
    </ClCompile>
    <ClCompile Include="..\Source\r_plane.cpp">
      <Filter>Source Files\R_\R_ Source</Filter>
    </ClCompile>
    <ClCompile Include="..\Source\r_portal.cpp">
      <Filter>Source Files\R_\R_ Source</Filter>
    </ClCompile>
    <ClCompile Include="..\Source\r_ripple.cpp">
      <Filter>Source Files\R_\R_ Source</Filter>
    </ClCompile>
    <ClCompile Include="..\Source\r_segs.cpp">
      <Filter>Source Files\R_\R_ Source</Filter>
    </ClCompile>
    <ClCompile Include="..\Source\r_sky.cpp">
      <Filter>Source Files\R_\R_ Source</Filter>
    </ClCompile>
    <ClCompile Include="..\source\r_span.cpp">
      <Filter>Source Files\R_\R_ Source</Filter>
    </ClCompile>
    <ClCompile Include="..\source\r_textur.cpp">
      <Filter>Source Files\R_\R_ Source</Filter>
    </ClCompile>
    <ClCompile Include="..\Source\r_things.cpp">
      <Filter>Source Files\R_\R_ Source</Filter>
    </ClCompile>
    <ClCompile Include="..\source\r_voxels.cpp">
      <Filter>Source Files\R_\R_ Source</Filter>
    </ClCompile>
    <ClCompile Include="..\source\sdl\i_input.cpp">
      <Filter>Source Files\SDL\SDL Source</Filter>
    </ClCompile>
    <ClCompile Include="..\Source\sdl\i_main.cpp">
      <Filter>Source Files\SDL\SDL Source</Filter>
    </ClCompile>
    <ClCompile Include="..\source\sdl\i_midirpc.cpp">
      <Filter>Source Files\SDL\SDL Source</Filter>
    </ClCompile>
    <ClCompile Include="..\Source\sdl\i_net.cpp">
      <Filter>Source Files\SDL\SDL Source</Filter>
    </ClCompile>
    <ClCompile Include="..\source\sdl\i_pcsound.cpp">
      <Filter>Source Files\SDL\SDL Source</Filter>
    </ClCompile>
    <ClCompile Include="..\source\sdl\i_picker.cpp">
      <Filter>Source Files\SDL\SDL Source</Filter>
    </ClCompile>
    <ClCompile Include="..\source\sdl\i_sdlgamepads.cpp">
      <Filter>Source Files\SDL\SDL Source</Filter>
    </ClCompile>
    <ClCompile Include="..\source\sdl\i_sdlgl2d.cpp">
      <Filter>Source Files\SDL\SDL Source</Filter>
    </ClCompile>
    <ClCompile Include="..\source\sdl\i_sdlmusic.cpp">
      <Filter>Source Files\SDL\SDL Source</Filter>
    </ClCompile>
    <ClCompile Include="..\source\sdl\i_sdlsound.cpp">
      <Filter>Source Files\SDL\SDL Source</Filter>
    </ClCompile>
    <ClCompile Include="..\source\sdl\i_sdlvideo.cpp">
      <Filter>Source Files\SDL\SDL Source</Filter>
    </ClCompile>
    <ClCompile Include="..\Source\sdl\i_sound.cpp">
      <Filter>Source Files\SDL\SDL Source</Filter>
    </ClCompile>
    <ClCompile Include="..\Source\sdl\i_system.cpp">
      <Filter>Source Files\SDL\SDL Source</Filter>
    </ClCompile>
    <ClCompile Include="..\Source\sdl\mmus2mid.cpp">
      <Filter>Source Files\SDL\SDL Source</Filter>
    </ClCompile>
    <ClCompile Include="..\Source\sdl\ser_main.cpp">
      <Filter>Source Files\SDL\SDL Source</Filter>
    </ClCompile>
    <ClCompile Include="..\midiproc\midiproc_c.c">
      <Filter>Source Files\SDL\midiproc</Filter>
    </ClCompile>
    <ClCompile Include="..\Source\st_hbar.cpp">
      <Filter>Source Files\ST_</Filter>
    </ClCompile>
    <ClCompile Include="..\Source\st_lib.cpp">
      <Filter>Source Files\ST_</Filter>
    </ClCompile>
    <ClCompile Include="..\Source\st_stuff.cpp">
      <Filter>Source Files\ST_</Filter>
    </ClCompile>
    <ClCompile Include="..\source\v_alloc.cpp">
      <Filter>Source Files\V_\V_ Source</Filter>
    </ClCompile>
    <ClCompile Include="..\Source\v_block.cpp">
      <Filter>Source Files\V_\V_ Source</Filter>
    </ClCompile>
    <ClCompile Include="..\source\v_buffer.cpp">
      <Filter>Source Files\V_\V_ Source</Filter>
    </ClCompile>
    <ClCompile Include="..\Source\v_font.cpp">
      <Filter>Source Files\V_\V_ Source</Filter>
    </ClCompile>
    <ClCompile Include="..\Source\v_misc.cpp">
      <Filter>Source Files\V_\V_ Source</Filter>
    </ClCompile>
    <ClCompile Include="..\Source\v_patch.cpp">
      <Filter>Source Files\V_\V_ Source</Filter>
    </ClCompile>
    <ClCompile Include="..\source\v_patchfmt.cpp">
      <Filter>Source Files\V_\V_ Source</Filter>
    </ClCompile>
    <ClCompile Include="..\source\v_png.cpp">
      <Filter>Source Files\V_\V_ Source</Filter>
    </ClCompile>
    <ClCompile Include="..\Source\v_video.cpp">
      <Filter>Source Files\V_\V_ Source</Filter>
    </ClCompile>
    <ClCompile Include="..\source\w_formats.cpp">
      <Filter>Source Files\W_\W_ Source</Filter>
    </ClCompile>
    <ClCompile Include="..\source\w_hacks.cpp">
      <Filter>Source Files\W_\W_ Source</Filter>
    </ClCompile>
    <ClCompile Include="..\source\w_levels.cpp">
      <Filter>Source Files\W_\W_ Source</Filter>
    </ClCompile>
    <ClCompile Include="..\Source\w_wad.cpp">
      <Filter>Source Files\W_\W_ Source</Filter>
    </ClCompile>
    <ClCompile Include="..\source\w_zip.cpp">
      <Filter>Source Files\W_\W_ Source</Filter>
    </ClCompile>
    <ClCompile Include="..\source\z_native.cpp">
      <Filter>Source Files\Z_</Filter>
    </ClCompile>
    <ClCompile Include="..\Source\info.cpp">
      <Filter>Source Files\Misc\Misc Source</Filter>
    </ClCompile>
    <ClCompile Include="..\Source\psnprntf.cpp">
      <Filter>Source Files\Misc\Misc Source</Filter>
    </ClCompile>
    <ClCompile Include="..\Source\tables.cpp">
      <Filter>Source Files\Misc\Misc Source</Filter>
    </ClCompile>
    <ClCompile Include="..\Source\version.cpp">
      <Filter>Source Files\Misc\Misc Source</Filter>
    </ClCompile>
    <ClCompile Include="..\source\a_common.cpp">
      <Filter>Source Files\A_\A_ Source</Filter>
    </ClCompile>
    <ClCompile Include="..\source\a_counters.cpp">
      <Filter>Source Files\A_\A_ Source</Filter>
    </ClCompile>
    <ClCompile Include="..\source\a_decorate.cpp">
      <Filter>Source Files\A_\A_ Source</Filter>
    </ClCompile>
    <ClCompile Include="..\source\a_doom.cpp">
      <Filter>Source Files\A_\A_ Source</Filter>
    </ClCompile>
    <ClCompile Include="..\source\a_general.cpp">
      <Filter>Source Files\A_\A_ Source</Filter>
    </ClCompile>
    <ClCompile Include="..\source\a_heretic.cpp">
      <Filter>Source Files\A_\A_ Source</Filter>
    </ClCompile>
    <ClCompile Include="..\source\a_hexen.cpp">
      <Filter>Source Files\A_\A_ Source</Filter>
    </ClCompile>
    <ClCompile Include="..\source\hal\i_gamepads.cpp">
      <Filter>Source Files\HAL\HAL Source</Filter>
    </ClCompile>
    <ClCompile Include="..\source\hal\i_platform.cpp">
      <Filter>Source Files\HAL\HAL Source</Filter>
    </ClCompile>
    <ClCompile Include="..\source\hal\i_video.cpp">
      <Filter>Source Files\HAL\HAL Source</Filter>
    </ClCompile>
    <ClCompile Include="..\source\gl\gl_init.cpp">
      <Filter>Source Files\GL\GL Source</Filter>
    </ClCompile>
    <ClCompile Include="..\source\gl\gl_primitives.cpp">
      <Filter>Source Files\GL\GL Source</Filter>
    </ClCompile>
    <ClCompile Include="..\source\gl\gl_projection.cpp">
      <Filter>Source Files\GL\GL Source</Filter>
    </ClCompile>
    <ClCompile Include="..\source\gl\gl_texture.cpp">
      <Filter>Source Files\GL\GL Source</Filter>
    </ClCompile>
    <ClCompile Include="..\source\gl\gl_vars.cpp">
      <Filter>Source Files\GL\GL Source</Filter>
    </ClCompile>
    <ClCompile Include="..\source\metaapi.cpp">
      <Filter>Source Files\MetaAPI</Filter>
    </ClCompile>
    <ClCompile Include="..\source\metaqstring.cpp">
      <Filter>Source Files\MetaAPI</Filter>
    </ClCompile>
    <ClCompile Include="..\source\cam_sight.cpp">
      <Filter>Source Files\Cam</Filter>
    </ClCompile>
    <ClCompile Include="..\source\ev_actions.cpp">
      <Filter>Source Files\EV_\EV_ Source</Filter>
    </ClCompile>
    <ClCompile Include="..\source\ev_bindings.cpp">
      <Filter>Source Files\EV_\EV_ Source</Filter>
    </ClCompile>
    <ClCompile Include="..\source\ev_specials.cpp">
      <Filter>Source Files\EV_\EV_ Source</Filter>
    </ClCompile>
    <ClCompile Include="..\source\ev_static.cpp">
      <Filter>Source Files\EV_\EV_ Source</Filter>
    </ClCompile>
    <ClCompile Include="..\source\t_plane.cpp">
      <Filter>Source Files\T_</Filter>
    </ClCompile>
    <ClCompile Include="..\source\Win32\i_xinput.cpp">
      <Filter>Source Files\Win32\Win32 Source</Filter>
    </ClCompile>
    <ClCompile Include="..\source\hal\i_directory.cpp">
      <Filter>Source Files\HAL\HAL Source</Filter>
    </ClCompile>
    <ClCompile Include="..\source\e_weapons.cpp">
      <Filter>Source Files\E_\E_ Source</Filter>
    </ClCompile>
    <ClCompile Include="..\source\e_inventory.cpp">
      <Filter>Source Files\E_\E_ Source</Filter>
    </ClCompile>
    <ClCompile Include="..\source\mn_items.cpp">
      <Filter>Source Files\Mn_\Mn_ Source</Filter>
    </ClCompile>
    <ClCompile Include="..\source\Win32\i_w32main.cpp">
      <Filter>Source Files\Win32\Win32 Source</Filter>
    </ClCompile>
    <ClCompile Include="..\source\Win32\i_exception.cpp">
      <Filter>Source Files\Win32\Win32 Source</Filter>
    </ClCompile>
    <ClCompile Include="..\Source\Win32\i_fnames.cpp">
      <Filter>Source Files\Win32\Win32 Source</Filter>
    </ClCompile>
    <ClCompile Include="..\source\Win32\i_opndir.cpp">
      <Filter>Source Files\Win32\Win32 Source</Filter>
    </ClCompile>
    <ClCompile Include="..\source\v_image.cpp">
      <Filter>Source Files\V_\V_ Source</Filter>
    </ClCompile>
    <ClCompile Include="..\source\s_sndseq.cpp">
      <Filter>Source Files\S_\S_ Source</Filter>
    </ClCompile>
    <ClCompile Include="..\Source\s_sound.cpp">
      <Filter>Source Files\S_\S_ Source</Filter>
    </ClCompile>
    <ClCompile Include="..\Source\sounds.cpp">
      <Filter>Source Files\S_\S_ Source</Filter>
    </ClCompile>
    <ClCompile Include="..\source\s_reverb.cpp">
      <Filter>Source Files\S_\S_ Source</Filter>
    </ClCompile>
    <ClCompile Include="..\source\e_reverbs.cpp">
      <Filter>Source Files\E_\E_ Source</Filter>
    </ClCompile>
    <ClCompile Include="..\source\s_formats.cpp">
      <Filter>Source Files\S_\S_ Source</Filter>
    </ClCompile>
    <ClCompile Include="..\source\hal\i_timer.cpp">
      <Filter>Source Files\HAL\HAL Source</Filter>
    </ClCompile>
    <ClCompile Include="..\source\sdl\i_sdltimer.cpp">
      <Filter>Source Files\SDL\SDL Source</Filter>
    </ClCompile>
    <ClCompile Include="..\source\xl_scripts.cpp">
      <Filter>Source Files\XL_\XL_ Source</Filter>
    </ClCompile>
    <ClCompile Include="..\source\xl_musinfo.cpp">
      <Filter>Source Files\XL_\XL_ Source</Filter>
    </ClCompile>
    <ClCompile Include="..\source\xl_sndinfo.cpp">
      <Filter>Source Files\XL_\XL_ Source</Filter>
    </ClCompile>
    <ClCompile Include="..\source\xl_mapinfo.cpp">
      <Filter>Source Files\XL_\XL_ Source</Filter>
    </ClCompile>
    <ClCompile Include="..\source\xl_emapinfo.cpp">
      <Filter>Source Files\XL_\XL_ Source</Filter>
    </ClCompile>
    <ClCompile Include="..\source\ev_sectors.cpp">
      <Filter>Source Files\EV_\EV_ Source</Filter>
    </ClCompile>
    <ClCompile Include="..\source\e_udmf.cpp">
      <Filter>Source Files\E_\E_ Source</Filter>
    </ClCompile>
    <ClCompile Include="..\source\p_portalclip.cpp">
      <Filter>Source Files\P_\P_ Source</Filter>
    </ClCompile>
    <ClCompile Include="..\source\m_utils.cpp">
      <Filter>Source Files\M_\M_ Source</Filter>
    </ClCompile>
    <ClCompile Include="..\source\cam_aim.cpp">
      <Filter>Source Files\Cam</Filter>
    </ClCompile>
    <ClCompile Include="..\source\cam_common.cpp">
      <Filter>Source Files\Cam</Filter>
    </ClCompile>
    <ClCompile Include="..\source\cam_shoot.cpp">
      <Filter>Source Files\Cam</Filter>
    </ClCompile>
    <ClCompile Include="..\source\cam_use.cpp">
      <Filter>Source Files\Cam</Filter>
    </ClCompile>
    <ClCompile Include="..\source\p_portalcross.cpp">
      <Filter>Source Files\P_\P_ Source</Filter>
    </ClCompile>
    <ClCompile Include="..\source\s_musinfo.cpp">
      <Filter>Source Files\S_\S_ Source</Filter>
    </ClCompile>
    <ClCompile Include="..\source\xl_umapinfo.cpp">
      <Filter>Source Files\XL_\XL_ Source</Filter>
    </ClCompile>
    <ClCompile Include="..\source\xl_animdefs.cpp">
      <Filter>Source Files\XL_\XL_ Source</Filter>
    </ClCompile>
    <ClCompile Include="..\source\textscreen\txt_button.c">
      <Filter>Source Files\TXT_\TXT Source</Filter>
    </ClCompile>
    <ClCompile Include="..\source\textscreen\txt_checkbox.c">
      <Filter>Source Files\TXT_\TXT Source</Filter>
    </ClCompile>
    <ClCompile Include="..\source\textscreen\txt_conditional.c">
      <Filter>Source Files\TXT_\TXT Source</Filter>
    </ClCompile>
    <ClCompile Include="..\source\textscreen\txt_desktop.c">
      <Filter>Source Files\TXT_\TXT Source</Filter>
    </ClCompile>
    <ClCompile Include="..\source\textscreen\txt_dropdown.c">
      <Filter>Source Files\TXT_\TXT Source</Filter>
    </ClCompile>
    <ClCompile Include="..\source\textscreen\txt_fileselect.c">
      <Filter>Source Files\TXT_\TXT Source</Filter>
    </ClCompile>
    <ClCompile Include="..\source\textscreen\txt_gui.c">
      <Filter>Source Files\TXT_\TXT Source</Filter>
    </ClCompile>
    <ClCompile Include="..\source\textscreen\txt_inputbox.c">
      <Filter>Source Files\TXT_\TXT Source</Filter>
    </ClCompile>
    <ClCompile Include="..\source\textscreen\txt_io.c">
      <Filter>Source Files\TXT_\TXT Source</Filter>
    </ClCompile>
    <ClCompile Include="..\source\textscreen\txt_label.c">
      <Filter>Source Files\TXT_\TXT Source</Filter>
    </ClCompile>
    <ClCompile Include="..\source\textscreen\txt_radiobutton.c">
      <Filter>Source Files\TXT_\TXT Source</Filter>
    </ClCompile>
    <ClCompile Include="..\source\textscreen\txt_scrollpane.c">
      <Filter>Source Files\TXT_\TXT Source</Filter>
    </ClCompile>
    <ClCompile Include="..\source\textscreen\txt_sdl.c">
      <Filter>Source Files\TXT_\TXT Source</Filter>
    </ClCompile>
    <ClCompile Include="..\source\textscreen\txt_separator.c">
      <Filter>Source Files\TXT_\TXT Source</Filter>
    </ClCompile>
    <ClCompile Include="..\source\textscreen\txt_spinctrl.c">
      <Filter>Source Files\TXT_\TXT Source</Filter>
    </ClCompile>
    <ClCompile Include="..\source\textscreen\txt_strut.c">
      <Filter>Source Files\TXT_\TXT Source</Filter>
    </ClCompile>
    <ClCompile Include="..\source\textscreen\txt_table.c">
      <Filter>Source Files\TXT_\TXT Source</Filter>
    </ClCompile>
    <ClCompile Include="..\source\textscreen\txt_utf8.c">
      <Filter>Source Files\TXT_\TXT Source</Filter>
    </ClCompile>
    <ClCompile Include="..\source\textscreen\txt_widget.c">
      <Filter>Source Files\TXT_\TXT Source</Filter>
    </ClCompile>
    <ClCompile Include="..\source\textscreen\txt_window.c">
      <Filter>Source Files\TXT_\TXT Source</Filter>
    </ClCompile>
    <ClCompile Include="..\source\textscreen\txt_window_action.c">
      <Filter>Source Files\TXT_\TXT Source</Filter>
    </ClCompile>
    <ClCompile Include="..\source\e_anim.cpp">
      <Filter>Source Files\E_\E_ Source</Filter>
    </ClCompile>
    <ClCompile Include="..\source\e_switch.cpp">
      <Filter>Source Files\E_\E_ Source</Filter>
    </ClCompile>
    <ClCompile Include="..\source\g_demolog.cpp">
      <Filter>Source Files\G_\G_ Source</Filter>
    </ClCompile>
    <ClCompile Include="..\source\p_portalblockmap.cpp">
      <Filter>Source Files\P_\P_ Source</Filter>
    </ClCompile>
    <ClCompile Include="..\source\a_weaponsheretic.cpp">
      <Filter>Source Files\A_\A_ Source</Filter>
    </ClCompile>
    <ClCompile Include="..\source\a_weaponsdoom.cpp">
      <Filter>Source Files\A_\A_ Source</Filter>
    </ClCompile>
    <ClCompile Include="..\source\e_puff.cpp">
      <Filter>Source Files\E_\E_ Source</Filter>
    </ClCompile>
    <ClCompile Include="..\source\e_edfmetatable.cpp">
      <Filter>Source Files\E_\E_ Source</Filter>
    </ClCompile>
    <ClCompile Include="..\source\m_debug.cpp">
      <Filter>Source Files\M_\M_ Source</Filter>
    </ClCompile>
  </ItemGroup>
  <ItemGroup>
    <ClInclude Include="..\source\acs_intr.h">
      <Filter>Source Files\ACS_</Filter>
    </ClInclude>
    <ClInclude Include="..\Source\am_map.h">
      <Filter>Source Files\AM_</Filter>
    </ClInclude>
    <ClInclude Include="..\source\c_batch.h">
      <Filter>Source Files\C_\C_ Headers</Filter>
    </ClInclude>
    <ClInclude Include="..\Source\c_io.h">
      <Filter>Source Files\C_\C_ Headers</Filter>
    </ClInclude>
    <ClInclude Include="..\Source\c_net.h">
      <Filter>Source Files\C_\C_ Headers</Filter>
    </ClInclude>
    <ClInclude Include="..\Source\c_runcmd.h">
      <Filter>Source Files\C_\C_ Headers</Filter>
    </ClInclude>
    <ClInclude Include="..\Source\Confuse\confuse.h">
      <Filter>Source Files\Confuse</Filter>
    </ClInclude>
    <ClInclude Include="..\source\Confuse\lexer.h">
      <Filter>Source Files\Confuse</Filter>
    </ClInclude>
    <ClInclude Include="..\Source\d_deh.h">
      <Filter>Source Files\D_\D_ Headers</Filter>
    </ClInclude>
    <ClInclude Include="..\Source\d_dehtbl.h">
      <Filter>Source Files\D_\D_ Headers</Filter>
    </ClInclude>
    <ClInclude Include="..\source\d_diskfile.h">
      <Filter>Source Files\D_\D_ Headers</Filter>
    </ClInclude>
    <ClInclude Include="..\source\d_dwfile.h">
      <Filter>Source Files\D_\D_ Headers</Filter>
    </ClInclude>
    <ClInclude Include="..\Source\d_englsh.h">
      <Filter>Source Files\D_\D_ Headers</Filter>
    </ClInclude>
    <ClInclude Include="..\Source\d_event.h">
      <Filter>Source Files\D_\D_ Headers</Filter>
    </ClInclude>
    <ClInclude Include="..\source\d_files.h">
      <Filter>Source Files\D_\D_ Headers</Filter>
    </ClInclude>
    <ClInclude Include="..\source\d_findiwads.h">
      <Filter>Source Files\D_\D_ Headers</Filter>
    </ClInclude>
    <ClInclude Include="..\Source\d_french.h">
      <Filter>Source Files\D_\D_ Headers</Filter>
    </ClInclude>
    <ClInclude Include="..\Source\d_gi.h">
      <Filter>Source Files\D_\D_ Headers</Filter>
    </ClInclude>
    <ClInclude Include="..\Source\d_io.h">
      <Filter>Source Files\D_\D_ Headers</Filter>
    </ClInclude>
    <ClInclude Include="..\Source\d_items.h">
      <Filter>Source Files\D_\D_ Headers</Filter>
    </ClInclude>
    <ClInclude Include="..\source\d_iwad.h">
      <Filter>Source Files\D_\D_ Headers</Filter>
    </ClInclude>
    <ClInclude Include="..\Source\d_keywds.h">
      <Filter>Source Files\D_\D_ Headers</Filter>
    </ClInclude>
    <ClInclude Include="..\Source\d_main.h">
      <Filter>Source Files\D_\D_ Headers</Filter>
    </ClInclude>
    <ClInclude Include="..\Source\d_mod.h">
      <Filter>Source Files\D_\D_ Headers</Filter>
    </ClInclude>
    <ClInclude Include="..\Source\d_net.h">
      <Filter>Source Files\D_\D_ Headers</Filter>
    </ClInclude>
    <ClInclude Include="..\Source\d_player.h">
      <Filter>Source Files\D_\D_ Headers</Filter>
    </ClInclude>
    <ClInclude Include="..\Source\d_textur.h">
      <Filter>Source Files\D_\D_ Headers</Filter>
    </ClInclude>
    <ClInclude Include="..\Source\d_think.h">
      <Filter>Source Files\D_\D_ Headers</Filter>
    </ClInclude>
    <ClInclude Include="..\Source\d_ticcmd.h">
      <Filter>Source Files\D_\D_ Headers</Filter>
    </ClInclude>
    <ClInclude Include="..\Source\dhticstr.h">
      <Filter>Source Files\doom</Filter>
    </ClInclude>
    <ClInclude Include="..\Source\doomdata.h">
      <Filter>Source Files\doom</Filter>
    </ClInclude>
    <ClInclude Include="..\Source\doomdef.h">
      <Filter>Source Files\doom</Filter>
    </ClInclude>
    <ClInclude Include="..\Source\doomstat.h">
      <Filter>Source Files\doom</Filter>
    </ClInclude>
    <ClInclude Include="..\Source\doomtype.h">
      <Filter>Source Files\doom</Filter>
    </ClInclude>
    <ClInclude Include="..\Source\dstrings.h">
      <Filter>Source Files\doom</Filter>
    </ClInclude>
    <ClInclude Include="..\source\e_args.h">
      <Filter>Source Files\E_\E_ Headers</Filter>
    </ClInclude>
    <ClInclude Include="..\source\e_dstate.h">
      <Filter>Source Files\E_\E_ Headers</Filter>
    </ClInclude>
    <ClInclude Include="..\Source\e_edf.h">
      <Filter>Source Files\E_\E_ Headers</Filter>
    </ClInclude>
    <ClInclude Include="..\Source\e_exdata.h">
      <Filter>Source Files\E_\E_ Headers</Filter>
    </ClInclude>
    <ClInclude Include="..\source\e_fonts.h">
      <Filter>Source Files\E_\E_ Headers</Filter>
    </ClInclude>
    <ClInclude Include="..\source\e_gameprops.h">
      <Filter>Source Files\E_\E_ Headers</Filter>
    </ClInclude>
    <ClInclude Include="..\source\e_hash.h">
      <Filter>Source Files\E_\E_ Headers</Filter>
    </ClInclude>
    <ClInclude Include="..\source\e_hashkeys.h">
      <Filter>Source Files\E_\E_ Headers</Filter>
    </ClInclude>
    <ClInclude Include="..\Source\e_lib.h">
      <Filter>Source Files\E_\E_ Headers</Filter>
    </ClInclude>
    <ClInclude Include="..\source\e_metastate.h">
      <Filter>Source Files\E_\E_ Headers</Filter>
    </ClInclude>
    <ClInclude Include="..\source\e_mod.h">
      <Filter>Source Files\E_\E_ Headers</Filter>
    </ClInclude>
    <ClInclude Include="..\source\e_player.h">
      <Filter>Source Files\E_\E_ Headers</Filter>
    </ClInclude>
    <ClInclude Include="..\source\e_rtti.h">
      <Filter>Source Files\E_\E_ Headers</Filter>
    </ClInclude>
    <ClInclude Include="..\Source\e_sound.h">
      <Filter>Source Files\E_\E_ Headers</Filter>
    </ClInclude>
    <ClInclude Include="..\source\e_sprite.h">
      <Filter>Source Files\E_\E_ Headers</Filter>
    </ClInclude>
    <ClInclude Include="..\Source\e_states.h">
      <Filter>Source Files\E_\E_ Headers</Filter>
    </ClInclude>
    <ClInclude Include="..\Source\e_string.h">
      <Filter>Source Files\E_\E_ Headers</Filter>
    </ClInclude>
    <ClInclude Include="..\Source\e_things.h">
      <Filter>Source Files\E_\E_ Headers</Filter>
    </ClInclude>
    <ClInclude Include="..\Source\e_ttypes.h">
      <Filter>Source Files\E_\E_ Headers</Filter>
    </ClInclude>
    <ClInclude Include="..\Source\f_finale.h">
      <Filter>Source Files\F_</Filter>
    </ClInclude>
    <ClInclude Include="..\Source\f_wipe.h">
      <Filter>Source Files\F_</Filter>
    </ClInclude>
    <ClInclude Include="..\Source\g_bind.h">
      <Filter>Source Files\G_\G_ Headers</Filter>
    </ClInclude>
    <ClInclude Include="..\Source\g_dmflag.h">
      <Filter>Source Files\G_\G_ Headers</Filter>
    </ClInclude>
    <ClInclude Include="..\Source\g_game.h">
      <Filter>Source Files\G_\G_ Headers</Filter>
    </ClInclude>
    <ClInclude Include="..\Source\g_gfs.h">
      <Filter>Source Files\G_\G_ Headers</Filter>
    </ClInclude>
    <ClInclude Include="..\Source\Hu_frags.h">
      <Filter>Source Files\HU_\HU_ Headers</Filter>
    </ClInclude>
    <ClInclude Include="..\Source\Hu_over.h">
      <Filter>Source Files\HU_\HU_ Headers</Filter>
    </ClInclude>
    <ClInclude Include="..\Source\Hu_stuff.h">
      <Filter>Source Files\HU_\HU_ Headers</Filter>
    </ClInclude>
    <ClInclude Include="..\Source\hi_stuff.h">
      <Filter>Source Files\IN</Filter>
    </ClInclude>
    <ClInclude Include="..\Source\in_lude.h">
      <Filter>Source Files\IN</Filter>
    </ClInclude>
    <ClInclude Include="..\Source\wi_stuff.h">
      <Filter>Source Files\IN</Filter>
    </ClInclude>
    <ClInclude Include="..\Source\m_argv.h">
      <Filter>Source Files\M_\M_ Headers</Filter>
    </ClInclude>
    <ClInclude Include="..\Source\m_bbox.h">
      <Filter>Source Files\M_\M_ Headers</Filter>
    </ClInclude>
    <ClInclude Include="..\source\m_bdlist.h">
      <Filter>Source Files\M_\M_ Headers</Filter>
    </ClInclude>
    <ClInclude Include="..\source\m_buffer.h">
      <Filter>Source Files\M_\M_ Headers</Filter>
    </ClInclude>
    <ClInclude Include="..\Source\m_cheat.h">
      <Filter>Source Files\M_\M_ Headers</Filter>
    </ClInclude>
    <ClInclude Include="..\source\m_collection.h">
      <Filter>Source Files\M_\M_ Headers</Filter>
    </ClInclude>
    <ClInclude Include="..\Source\m_dllist.h">
      <Filter>Source Files\M_\M_ Headers</Filter>
    </ClInclude>
    <ClInclude Include="..\Source\m_fcvt.h">
      <Filter>Source Files\M_\M_ Headers</Filter>
    </ClInclude>
    <ClInclude Include="..\Source\m_fixed.h">
      <Filter>Source Files\M_\M_ Headers</Filter>
    </ClInclude>
    <ClInclude Include="..\source\m_hash.h">
      <Filter>Source Files\M_\M_ Headers</Filter>
    </ClInclude>
    <ClInclude Include="..\Source\m_misc.h">
      <Filter>Source Files\M_\M_ Headers</Filter>
    </ClInclude>
    <ClInclude Include="..\Source\m_qstr.h">
      <Filter>Source Files\M_\M_ Headers</Filter>
    </ClInclude>
    <ClInclude Include="..\source\m_qstrkeys.h">
      <Filter>Source Files\M_\M_ Headers</Filter>
    </ClInclude>
    <ClInclude Include="..\Source\m_queue.h">
      <Filter>Source Files\M_\M_ Headers</Filter>
    </ClInclude>
    <ClInclude Include="..\Source\m_random.h">
      <Filter>Source Files\M_\M_ Headers</Filter>
    </ClInclude>
    <ClInclude Include="..\source\m_shots.h">
      <Filter>Source Files\M_\M_ Headers</Filter>
    </ClInclude>
    <ClInclude Include="..\source\m_strcasestr.h">
      <Filter>Source Files\M_\M_ Headers</Filter>
    </ClInclude>
    <ClInclude Include="..\source\m_structio.h">
      <Filter>Source Files\M_\M_ Headers</Filter>
    </ClInclude>
    <ClInclude Include="..\Source\m_swap.h">
      <Filter>Source Files\M_\M_ Headers</Filter>
    </ClInclude>
    <ClInclude Include="..\source\m_syscfg.h">
      <Filter>Source Files\M_\M_ Headers</Filter>
    </ClInclude>
    <ClInclude Include="..\source\m_vector.h">
      <Filter>Source Files\M_\M_ Headers</Filter>
    </ClInclude>
    <ClInclude Include="..\source\mn_emenu.h">
      <Filter>Source Files\Mn_\Mn_ Headers</Filter>
    </ClInclude>
    <ClInclude Include="..\Source\mn_engin.h">
      <Filter>Source Files\Mn_\Mn_ Headers</Filter>
    </ClInclude>
    <ClInclude Include="..\source\mn_files.h">
      <Filter>Source Files\Mn_\Mn_ Headers</Filter>
    </ClInclude>
    <ClInclude Include="..\Source\mn_htic.h">
      <Filter>Source Files\Mn_\Mn_ Headers</Filter>
    </ClInclude>
    <ClInclude Include="..\Source\mn_menus.h">
      <Filter>Source Files\Mn_\Mn_ Headers</Filter>
    </ClInclude>
    <ClInclude Include="..\Source\mn_misc.h">
      <Filter>Source Files\Mn_\Mn_ Headers</Filter>
    </ClInclude>
    <ClInclude Include="..\source\linkoffs.h">
      <Filter>Source Files\P_\P_ Headers</Filter>
    </ClInclude>
    <ClInclude Include="..\Source\p_anim.h">
      <Filter>Source Files\P_\P_ Headers</Filter>
    </ClInclude>
    <ClInclude Include="..\Source\p_chase.h">
      <Filter>Source Files\P_\P_ Headers</Filter>
    </ClInclude>
    <ClInclude Include="..\Source\p_enemy.h">
      <Filter>Source Files\P_\P_ Headers</Filter>
    </ClInclude>
    <ClInclude Include="..\Source\p_hubs.h">
      <Filter>Source Files\P_\P_ Headers</Filter>
    </ClInclude>
    <ClInclude Include="..\Source\p_info.h">
      <Filter>Source Files\P_\P_ Headers</Filter>
    </ClInclude>
    <ClInclude Include="..\Source\p_inter.h">
      <Filter>Source Files\P_\P_ Headers</Filter>
    </ClInclude>
    <ClInclude Include="..\Source\p_map.h">
      <Filter>Source Files\P_\P_ Headers</Filter>
    </ClInclude>
    <ClInclude Include="..\source\p_map3d.h">
      <Filter>Source Files\P_\P_ Headers</Filter>
    </ClInclude>
    <ClInclude Include="..\Source\p_maputl.h">
      <Filter>Source Files\P_\P_ Headers</Filter>
    </ClInclude>
    <ClInclude Include="..\Source\p_mobj.h">
      <Filter>Source Files\P_\P_ Headers</Filter>
    </ClInclude>
    <ClInclude Include="..\source\p_mobjcol.h">
      <Filter>Source Files\P_\P_ Headers</Filter>
    </ClInclude>
    <ClInclude Include="..\Source\p_partcl.h">
      <Filter>Source Files\P_\P_ Headers</Filter>
    </ClInclude>
    <ClInclude Include="..\source\p_portal.h">
      <Filter>Source Files\P_\P_ Headers</Filter>
    </ClInclude>
    <ClInclude Include="..\Source\p_pspr.h">
      <Filter>Source Files\P_\P_ Headers</Filter>
    </ClInclude>
    <ClInclude Include="..\source\p_pushers.h">
      <Filter>Source Files\P_\P_ Headers</Filter>
    </ClInclude>
    <ClInclude Include="..\Source\p_saveg.h">
      <Filter>Source Files\P_\P_ Headers</Filter>
    </ClInclude>
    <ClInclude Include="..\source\p_scroll.h">
      <Filter>Source Files\P_\P_ Headers</Filter>
    </ClInclude>
    <ClInclude Include="..\Source\p_setup.h">
      <Filter>Source Files\P_\P_ Headers</Filter>
    </ClInclude>
    <ClInclude Include="..\Source\p_skin.h">
      <Filter>Source Files\P_\P_ Headers</Filter>
    </ClInclude>
    <ClInclude Include="..\source\p_slopes.h">
      <Filter>Source Files\P_\P_ Headers</Filter>
    </ClInclude>
    <ClInclude Include="..\Source\p_spec.h">
      <Filter>Source Files\P_\P_ Headers</Filter>
    </ClInclude>
    <ClInclude Include="..\Source\p_tick.h">
      <Filter>Source Files\P_\P_ Headers</Filter>
    </ClInclude>
    <ClInclude Include="..\Source\p_user.h">
      <Filter>Source Files\P_\P_ Headers</Filter>
    </ClInclude>
    <ClInclude Include="..\source\p_xenemy.h">
      <Filter>Source Files\P_\P_ Headers</Filter>
    </ClInclude>
    <ClInclude Include="..\source\polyobj.h">
      <Filter>Source Files\P_\P_ Headers</Filter>
    </ClInclude>
    <ClInclude Include="..\Source\r_bsp.h">
      <Filter>Source Files\R_\R_ Headers</Filter>
    </ClInclude>
    <ClInclude Include="..\Source\r_data.h">
      <Filter>Source Files\R_\R_ Headers</Filter>
    </ClInclude>
    <ClInclude Include="..\Source\r_defs.h">
      <Filter>Source Files\R_\R_ Headers</Filter>
    </ClInclude>
    <ClInclude Include="..\Source\r_draw.h">
      <Filter>Source Files\R_\R_ Headers</Filter>
    </ClInclude>
    <ClInclude Include="..\source\r_drawq.h">
      <Filter>Source Files\R_\R_ Headers</Filter>
    </ClInclude>
    <ClInclude Include="..\source\r_dynabsp.h">
      <Filter>Source Files\R_\R_ Headers</Filter>
    </ClInclude>
    <ClInclude Include="..\source\r_dynseg.h">
      <Filter>Source Files\R_\R_ Headers</Filter>
    </ClInclude>
    <ClInclude Include="..\source\r_lighting.h">
      <Filter>Source Files\R_\R_ Headers</Filter>
    </ClInclude>
    <ClInclude Include="..\Source\r_main.h">
      <Filter>Source Files\R_\R_ Headers</Filter>
    </ClInclude>
    <ClInclude Include="..\source\r_patch.h">
      <Filter>Source Files\R_\R_ Headers</Filter>
    </ClInclude>
    <ClInclude Include="..\source\r_pcheck.h">
      <Filter>Source Files\R_\R_ Headers</Filter>
    </ClInclude>
    <ClInclude Include="..\Source\r_plane.h">
      <Filter>Source Files\R_\R_ Headers</Filter>
    </ClInclude>
    <ClInclude Include="..\Source\r_portal.h">
      <Filter>Source Files\R_\R_ Headers</Filter>
    </ClInclude>
    <ClInclude Include="..\Source\r_ripple.h">
      <Filter>Source Files\R_\R_ Headers</Filter>
    </ClInclude>
    <ClInclude Include="..\Source\r_segs.h">
      <Filter>Source Files\R_\R_ Headers</Filter>
    </ClInclude>
    <ClInclude Include="..\Source\r_sky.h">
      <Filter>Source Files\R_\R_ Headers</Filter>
    </ClInclude>
    <ClInclude Include="..\Source\r_state.h">
      <Filter>Source Files\R_\R_ Headers</Filter>
    </ClInclude>
    <ClInclude Include="..\Source\r_things.h">
      <Filter>Source Files\R_\R_ Headers</Filter>
    </ClInclude>
    <ClInclude Include="..\source\r_voxels.h">
      <Filter>Source Files\R_\R_ Headers</Filter>
    </ClInclude>
    <ClInclude Include="..\source\sdl\i_midirpc.h">
      <Filter>Source Files\SDL\SDL Headers</Filter>
    </ClInclude>
    <ClInclude Include="..\Source\i_net.h">
      <Filter>Source Files\SDL\SDL Headers</Filter>
    </ClInclude>
    <ClInclude Include="..\source\sdl\i_sdlgamepads.h">
      <Filter>Source Files\SDL\SDL Headers</Filter>
    </ClInclude>
    <ClInclude Include="..\source\sdl\i_sdlgl2d.h">
      <Filter>Source Files\SDL\SDL Headers</Filter>
    </ClInclude>
    <ClInclude Include="..\source\sdl\i_sdlvideo.h">
      <Filter>Source Files\SDL\SDL Headers</Filter>
    </ClInclude>
    <ClInclude Include="..\Source\i_sound.h">
      <Filter>Source Files\SDL\SDL Headers</Filter>
    </ClInclude>
    <ClInclude Include="..\Source\i_system.h">
      <Filter>Source Files\SDL\SDL Headers</Filter>
    </ClInclude>
    <ClInclude Include="..\Source\sdl\mmus2mid.h">
      <Filter>Source Files\SDL\SDL Headers</Filter>
    </ClInclude>
    <ClInclude Include="..\Source\st_lib.h">
      <Filter>Source Files\ST_</Filter>
    </ClInclude>
    <ClInclude Include="..\Source\st_stuff.h">
      <Filter>Source Files\ST_</Filter>
    </ClInclude>
    <ClInclude Include="..\source\v_alloc.h">
      <Filter>Source Files\V_\V_ Headers</Filter>
    </ClInclude>
    <ClInclude Include="..\Source\v_block.h">
      <Filter>Source Files\V_\V_ Headers</Filter>
    </ClInclude>
    <ClInclude Include="..\source\v_buffer.h">
      <Filter>Source Files\V_\V_ Headers</Filter>
    </ClInclude>
    <ClInclude Include="..\Source\v_font.h">
      <Filter>Source Files\V_\V_ Headers</Filter>
    </ClInclude>
    <ClInclude Include="..\Source\v_misc.h">
      <Filter>Source Files\V_\V_ Headers</Filter>
    </ClInclude>
    <ClInclude Include="..\Source\v_patch.h">
      <Filter>Source Files\V_\V_ Headers</Filter>
    </ClInclude>
    <ClInclude Include="..\source\v_patchfmt.h">
      <Filter>Source Files\V_\V_ Headers</Filter>
    </ClInclude>
    <ClInclude Include="..\source\v_png.h">
      <Filter>Source Files\V_\V_ Headers</Filter>
    </ClInclude>
    <ClInclude Include="..\Source\v_video.h">
      <Filter>Source Files\V_\V_ Headers</Filter>
    </ClInclude>
    <ClInclude Include="..\source\w_formats.h">
      <Filter>Source Files\W_\W_ Headers</Filter>
    </ClInclude>
    <ClInclude Include="..\source\w_hacks.h">
      <Filter>Source Files\W_\W_ Headers</Filter>
    </ClInclude>
    <ClInclude Include="..\source\w_iterator.h">
      <Filter>Source Files\W_\W_ Headers</Filter>
    </ClInclude>
    <ClInclude Include="..\source\w_levels.h">
      <Filter>Source Files\W_\W_ Headers</Filter>
    </ClInclude>
    <ClInclude Include="..\Source\w_wad.h">
      <Filter>Source Files\W_\W_ Headers</Filter>
    </ClInclude>
    <ClInclude Include="..\source\w_zip.h">
      <Filter>Source Files\W_\W_ Headers</Filter>
    </ClInclude>
    <ClInclude Include="..\source\z_auto.h">
      <Filter>Source Files\Z_</Filter>
    </ClInclude>
    <ClInclude Include="..\Source\z_zone.h">
      <Filter>Source Files\Z_</Filter>
    </ClInclude>
    <ClInclude Include="..\source\autopalette.h">
      <Filter>Source Files\Misc\Misc Headers</Filter>
    </ClInclude>
    <ClInclude Include="..\Source\info.h">
      <Filter>Source Files\Misc\Misc Headers</Filter>
    </ClInclude>
    <ClInclude Include="..\Source\psnprntf.h">
      <Filter>Source Files\Misc\Misc Headers</Filter>
    </ClInclude>
    <ClInclude Include="resource.h">
      <Filter>Source Files\Misc\Misc Headers</Filter>
    </ClInclude>
    <ClInclude Include="..\Source\tables.h">
      <Filter>Source Files\Misc\Misc Headers</Filter>
    </ClInclude>
    <ClInclude Include="..\Source\version.h">
      <Filter>Source Files\Misc\Misc Headers</Filter>
    </ClInclude>
    <ClInclude Include="..\source\a_common.h">
      <Filter>Source Files\A_\A_ Headers</Filter>
    </ClInclude>
    <ClInclude Include="..\source\a_doom.h">
      <Filter>Source Files\A_\A_ Headers</Filter>
    </ClInclude>
    <ClInclude Include="..\source\hal\i_gamepads.h">
      <Filter>Source Files\HAL\HAL Headers</Filter>
    </ClInclude>
    <ClInclude Include="..\source\hal\i_picker.h">
      <Filter>Source Files\HAL\HAL Headers</Filter>
    </ClInclude>
    <ClInclude Include="..\source\hal\i_platform.h">
      <Filter>Source Files\HAL\HAL Headers</Filter>
    </ClInclude>
    <ClInclude Include="..\source\i_video.h">
      <Filter>Source Files\HAL\HAL Headers</Filter>
    </ClInclude>
    <ClInclude Include="..\source\gl\gl_includes.h">
      <Filter>Source Files\GL\GL Headers</Filter>
    </ClInclude>
    <ClInclude Include="..\source\gl\gl_init.h">
      <Filter>Source Files\GL\GL Headers</Filter>
    </ClInclude>
    <ClInclude Include="..\source\gl\gl_primitives.h">
      <Filter>Source Files\GL\GL Headers</Filter>
    </ClInclude>
    <ClInclude Include="..\source\gl\gl_projection.h">
      <Filter>Source Files\GL\GL Headers</Filter>
    </ClInclude>
    <ClInclude Include="..\source\gl\gl_texture.h">
      <Filter>Source Files\GL\GL Headers</Filter>
    </ClInclude>
    <ClInclude Include="..\source\gl\gl_vars.h">
      <Filter>Source Files\GL\GL Headers</Filter>
    </ClInclude>
    <ClInclude Include="..\source\metaapi.h">
      <Filter>Source Files\MetaAPI</Filter>
    </ClInclude>
    <ClInclude Include="..\source\metaqstring.h">
      <Filter>Source Files\MetaAPI</Filter>
    </ClInclude>
    <ClInclude Include="..\source\cam_sight.h">
      <Filter>Source Files\Cam</Filter>
    </ClInclude>
    <ClInclude Include="..\source\ev_actions.h">
      <Filter>Source Files\EV_\EV_ Headers</Filter>
    </ClInclude>
    <ClInclude Include="..\source\ev_bindings.h">
      <Filter>Source Files\EV_\EV_ Headers</Filter>
    </ClInclude>
    <ClInclude Include="..\source\ev_macros.h">
      <Filter>Source Files\EV_\EV_ Headers</Filter>
    </ClInclude>
    <ClInclude Include="..\source\ev_specials.h">
      <Filter>Source Files\EV_\EV_ Headers</Filter>
    </ClInclude>
    <ClInclude Include="..\source\t_plane.h">
      <Filter>Source Files\T_</Filter>
    </ClInclude>
    <ClInclude Include="..\source\Win32\i_xinput.h">
      <Filter>Source Files\Win32\Win32 Headers</Filter>
    </ClInclude>
    <ClInclude Include="..\source\hal\i_directory.h">
      <Filter>Source Files\HAL\HAL Headers</Filter>
    </ClInclude>
    <ClInclude Include="..\source\a_args.h">
      <Filter>Source Files\A_\A_ Headers</Filter>
    </ClInclude>
    <ClInclude Include="..\source\e_weapons.h">
      <Filter>Source Files\E_\E_ Headers</Filter>
    </ClInclude>
    <ClInclude Include="..\source\e_inventory.h">
      <Filter>Source Files\E_\E_ Headers</Filter>
    </ClInclude>
    <ClInclude Include="..\source\metaspawn.h">
      <Filter>Source Files\MetaAPI</Filter>
    </ClInclude>
    <ClInclude Include="..\source\m_compare.h">
      <Filter>Source Files\M_\M_ Headers</Filter>
    </ClInclude>
    <ClInclude Include="..\source\mn_items.h">
      <Filter>Source Files\Mn_\Mn_ Headers</Filter>
    </ClInclude>
    <ClInclude Include="..\Source\Win32\i_fnames.h">
      <Filter>Source Files\Win32\Win32 Headers</Filter>
    </ClInclude>
    <ClInclude Include="..\source\Win32\i_opndir.h">
      <Filter>Source Files\Win32\Win32 Headers</Filter>
    </ClInclude>
    <ClInclude Include="..\source\m_ctype.h">
      <Filter>Source Files\M_\M_ Headers</Filter>
    </ClInclude>
    <ClInclude Include="..\source\v_image.h">
      <Filter>Source Files\V_\V_ Headers</Filter>
    </ClInclude>
    <ClInclude Include="..\source\m_binary.h">
      <Filter>Source Files\M_\M_ Headers</Filter>
    </ClInclude>
    <ClInclude Include="..\source\s_sndseq.h">
      <Filter>Source Files\S_\S_ Headers</Filter>
    </ClInclude>
    <ClInclude Include="..\Source\s_sound.h">
      <Filter>Source Files\S_\S_ Headers</Filter>
    </ClInclude>
    <ClInclude Include="..\Source\sounds.h">
      <Filter>Source Files\S_\S_ Headers</Filter>
    </ClInclude>
    <ClInclude Include="..\source\s_reverb.h">
      <Filter>Source Files\S_\S_ Headers</Filter>
    </ClInclude>
    <ClInclude Include="..\source\e_reverbs.h">
      <Filter>Source Files\E_\E_ Headers</Filter>
    </ClInclude>
    <ClInclude Include="..\source\s_formats.h">
      <Filter>Source Files\S_\S_ Headers</Filter>
    </ClInclude>
    <ClInclude Include="..\source\r_interpolate.h">
      <Filter>Source Files\R_\R_ Headers</Filter>
    </ClInclude>
    <ClInclude Include="..\source\p_sector.h">
      <Filter>Source Files\P_\P_ Headers</Filter>
    </ClInclude>
    <ClInclude Include="..\source\hal\i_timer.h">
      <Filter>Source Files\HAL\HAL Headers</Filter>
    </ClInclude>
    <ClInclude Include="..\source\sdl\i_sdltimer.h">
      <Filter>Source Files\SDL\SDL Headers</Filter>
    </ClInclude>
    <ClInclude Include="..\source\r_textur.h">
      <Filter>Source Files\R_\R_ Headers</Filter>
    </ClInclude>
    <ClInclude Include="..\source\xl_scripts.h">
      <Filter>Source Files\XL_\XL_ Headers</Filter>
    </ClInclude>
    <ClInclude Include="..\source\xl_musinfo.h">
      <Filter>Source Files\XL_\XL_ Headers</Filter>
    </ClInclude>
    <ClInclude Include="..\source\xl_sndinfo.h">
      <Filter>Source Files\XL_\XL_ Headers</Filter>
    </ClInclude>
    <ClInclude Include="..\source\xl_mapinfo.h">
      <Filter>Source Files\XL_\XL_ Headers</Filter>
    </ClInclude>
    <ClInclude Include="..\source\xl_emapinfo.h">
      <Filter>Source Files\XL_\XL_ Headers</Filter>
    </ClInclude>
    <ClInclude Include="..\source\p_things.h">
      <Filter>Source Files\P_\P_ Headers</Filter>
    </ClInclude>
    <ClInclude Include="..\source\ev_sectors.h">
      <Filter>Source Files\EV_\EV_ Headers</Filter>
    </ClInclude>
    <ClInclude Include="..\source\e_udmf.h">
      <Filter>Source Files\E_\E_ Headers</Filter>
    </ClInclude>
    <ClInclude Include="..\source\p_portalclip.h">
      <Filter>Source Files\P_\P_ Headers</Filter>
    </ClInclude>
    <ClInclude Include="..\source\m_utils.h">
      <Filter>Source Files\M_\M_ Headers</Filter>
    </ClInclude>
    <ClInclude Include="..\source\cam_common.h">
      <Filter>Source Files\Cam</Filter>
    </ClInclude>
    <ClInclude Include="..\source\p_portalcross.h">
      <Filter>Source Files\P_\P_ Headers</Filter>
    </ClInclude>
    <ClInclude Include="..\source\s_musinfo.h">
      <Filter>Source Files\S_\S_ Headers</Filter>
    </ClInclude>
    <ClInclude Include="..\source\xl_umapinfo.h">
      <Filter>Source Files\XL_\XL_ Headers</Filter>
    </ClInclude>
    <ClInclude Include="..\source\xl_animdefs.h">
      <Filter>Source Files\XL_\XL_ Headers</Filter>
    </ClInclude>
    <ClInclude Include="..\source\textscreen\textscreen.h">
      <Filter>Source Files\TXT_\TXT Headers</Filter>
    </ClInclude>
    <ClInclude Include="..\source\textscreen\txt_button.h">
      <Filter>Source Files\TXT_\TXT Headers</Filter>
    </ClInclude>
    <ClInclude Include="..\source\textscreen\txt_checkbox.h">
      <Filter>Source Files\TXT_\TXT Headers</Filter>
    </ClInclude>
    <ClInclude Include="..\source\textscreen\txt_conditional.h">
      <Filter>Source Files\TXT_\TXT Headers</Filter>
    </ClInclude>
    <ClInclude Include="..\source\textscreen\txt_desktop.h">
      <Filter>Source Files\TXT_\TXT Headers</Filter>
    </ClInclude>
    <ClInclude Include="..\source\textscreen\txt_dropdown.h">
      <Filter>Source Files\TXT_\TXT Headers</Filter>
    </ClInclude>
    <ClInclude Include="..\source\textscreen\txt_fileselect.h">
      <Filter>Source Files\TXT_\TXT Headers</Filter>
    </ClInclude>
    <ClInclude Include="..\source\textscreen\txt_gui.h">
      <Filter>Source Files\TXT_\TXT Headers</Filter>
    </ClInclude>
    <ClInclude Include="..\source\textscreen\txt_inputbox.h">
      <Filter>Source Files\TXT_\TXT Headers</Filter>
    </ClInclude>
    <ClInclude Include="..\source\textscreen\txt_io.h">
      <Filter>Source Files\TXT_\TXT Headers</Filter>
    </ClInclude>
    <ClInclude Include="..\source\textscreen\txt_label.h">
      <Filter>Source Files\TXT_\TXT Headers</Filter>
    </ClInclude>
    <ClInclude Include="..\source\textscreen\txt_main.h">
      <Filter>Source Files\TXT_\TXT Headers</Filter>
    </ClInclude>
    <ClInclude Include="..\source\textscreen\txt_radiobutton.h">
      <Filter>Source Files\TXT_\TXT Headers</Filter>
    </ClInclude>
    <ClInclude Include="..\source\textscreen\txt_scrollpane.h">
      <Filter>Source Files\TXT_\TXT Headers</Filter>
    </ClInclude>
    <ClInclude Include="..\source\textscreen\txt_sdl.h">
      <Filter>Source Files\TXT_\TXT Headers</Filter>
    </ClInclude>
    <ClInclude Include="..\source\textscreen\txt_separator.h">
      <Filter>Source Files\TXT_\TXT Headers</Filter>
    </ClInclude>
    <ClInclude Include="..\source\textscreen\txt_spinctrl.h">
      <Filter>Source Files\TXT_\TXT Headers</Filter>
    </ClInclude>
    <ClInclude Include="..\source\textscreen\txt_strut.h">
      <Filter>Source Files\TXT_\TXT Headers</Filter>
    </ClInclude>
    <ClInclude Include="..\source\textscreen\txt_table.h">
      <Filter>Source Files\TXT_\TXT Headers</Filter>
    </ClInclude>
    <ClInclude Include="..\source\textscreen\txt_utf8.h">
      <Filter>Source Files\TXT_\TXT Headers</Filter>
    </ClInclude>
    <ClInclude Include="..\source\textscreen\txt_widget.h">
      <Filter>Source Files\TXT_\TXT Headers</Filter>
    </ClInclude>
    <ClInclude Include="..\source\textscreen\txt_window.h">
      <Filter>Source Files\TXT_\TXT Headers</Filter>
    </ClInclude>
    <ClInclude Include="..\source\textscreen\txt_window_action.h">
      <Filter>Source Files\TXT_\TXT Headers</Filter>
    </ClInclude>
    <ClInclude Include="..\source\e_anim.h">
      <Filter>Source Files\E_\E_ Headers</Filter>
    </ClInclude>
    <ClInclude Include="..\source\e_switch.h">
      <Filter>Source Files\E_\E_ Headers</Filter>
    </ClInclude>
    <ClInclude Include="..\source\g_demolog.h">
      <Filter>Source Files\G_\G_ Headers</Filter>
    </ClInclude>
    <ClInclude Include="..\source\p_portalblockmap.h">
      <Filter>Source Files\P_\P_ Headers</Filter>
    </ClInclude>
    <ClInclude Include="..\source\m_avltree.h">
      <Filter>Source Files\M_\M_ Headers</Filter>
    </ClInclude>
    <ClInclude Include="..\source\e_puff.h">
      <Filter>Source Files\E_\E_ Headers</Filter>
    </ClInclude>
    <ClInclude Include="..\source\e_edfmetatable.h">
      <Filter>Source Files\E_\E_ Headers</Filter>
    </ClInclude>
    <ClInclude Include="..\source\Win32\i_winversion.h">
      <Filter>Source Files\Win32\Win32 Headers</Filter>
    </ClInclude>
    <ClInclude Include="..\source\m_debug.h">
      <Filter>Source Files\M_\M_ Headers</Filter>
    </ClInclude>
  </ItemGroup>
  <ItemGroup>
    <None Include="res\ee.ico">
      <Filter>Resource Files</Filter>
    </None>
  </ItemGroup>
  <ItemGroup>
    <ResourceCompile Include="Eternity.rc" />
  </ItemGroup>
  <ItemGroup>
    <Midl Include="..\midiproc\midiproc.idl">
      <Filter>Resource Files</Filter>
    </Midl>
  </ItemGroup>
</Project>