<?xml version="1.0" encoding="utf-8"?>
<Project ToolsVersion="4.0" xmlns="http://schemas.microsoft.com/developer/msbuild/2003">
  <ItemGroup>
    <Filter Include="Header Files">
      <UniqueIdentifier>{39449669-763c-4d3d-9b15-e5880300de5b}</UniqueIdentifier>
    </Filter>
    <Filter Include="Source Files">
      <UniqueIdentifier>{3066299d-b58d-4616-a4df-e04157230df7}</UniqueIdentifier>
    </Filter>
  </ItemGroup>
  <ItemGroup>
    <ClCompile Include="..\portmidi\pm_common\pmutil.c">
      <Filter>Source Files</Filter>
    </ClCompile>
    <ClCompile Include="..\portmidi\pm_common\portmidi.c">
      <Filter>Source Files</Filter>
    </ClCompile>
    <ClCompile Include="..\portmidi\pm_win\pmwinmm.c">
      <Filter>Source Files</Filter>
    </ClCompile>
    <ClCompile Include="..\portmidi\pm_win\pmwin.c">
      <Filter>Source Files</Filter>
    </ClCompile>
  </ItemGroup>
  <ItemGroup>
    <ClInclude Include="..\portmidi\pm_common\pminternal.h">
      <Filter>Header Files</Filter>
    </ClInclude>
    <ClInclude Include="..\portmidi\pm_win\pmwinmm.h">
      <Filter>Header Files</Filter>
    </ClInclude>
    <ClInclude Include="..\portmidi\pm_common\pmutil.h">
      <Filter>Header Files</Filter>
    </ClInclude>
    <ClInclude Include="..\portmidi\pm_common\portmidi.h">
      <Filter>Header Files</Filter>
    </ClInclude>
  </ItemGroup>
</Project>