<?xml version="1.0" encoding="utf-8"?>
<Project ToolsVersion="4.0" xmlns="http://schemas.microsoft.com/developer/msbuild/2003">
  <ItemGroup>
    <Filter Include="Source Files">
      <UniqueIdentifier>{3f905f96-7f29-4add-81d4-7c47a9a1db07}</UniqueIdentifier>
      <Extensions>cpp;c;cxx;rc;def;r;odl;idl;hpj;bat</Extensions>
    </Filter>
    <Filter Include="Header Files">
      <UniqueIdentifier>{fa60acad-1221-46f7-84dc-1811430e8705}</UniqueIdentifier>
      <Extensions>h;hpp;hxx;hm;inl</Extensions>
    </Filter>
    <Filter Include="Resource Files">
      <UniqueIdentifier>{142cba32-65d0-4a9b-a0e2-07688f54b3cb}</UniqueIdentifier>
      <Extensions>ico;cur;bmp;dlg;rc2;rct;bin;rgs;gif;jpg;jpeg;jpe</Extensions>
    </Filter>
  </ItemGroup>
  <ItemGroup>
    <ClCompile Include="..\subprojects\snes_spc\SPC_Filter.cpp">
      <Filter>Source Files</Filter>
    </ClCompile>
    <ClCompile Include="..\subprojects\snes_spc\SPC_DSP.cpp">
      <Filter>Source Files</Filter>
    </ClCompile>
    <ClCompile Include="..\subprojects\snes_spc\spc.cpp">
      <Filter>Source Files</Filter>
    </ClCompile>
    <ClCompile Include="..\subprojects\snes_spc\SNES_SPC_state.cpp">
      <Filter>Source Files</Filter>
    </ClCompile>
    <ClCompile Include="..\subprojects\snes_spc\SNES_SPC_misc.cpp">
      <Filter>Source Files</Filter>
    </ClCompile>
    <ClCompile Include="..\subprojects\snes_spc\SNES_SPC.cpp">
      <Filter>Source Files</Filter>
    </ClCompile>
    <ClCompile Include="..\subprojects\snes_spc\dsp.cpp">
      <Filter>Source Files</Filter>
    </ClCompile>
  </ItemGroup>
  <ItemGroup>
    <ClInclude Include="..\subprojects\snes_spc\SPC_Filter.h">
      <Filter>Header Files</Filter>
    </ClInclude>
    <ClInclude Include="..\subprojects\snes_spc\SPC_DSP.h">
      <Filter>Header Files</Filter>
    </ClInclude>
    <ClInclude Include="..\subprojects\snes_spc\SPC_CPU.h">
      <Filter>Header Files</Filter>
    </ClInclude>
    <ClInclude Include="..\subprojects\snes_spc\spc.h">
      <Filter>Header Files</Filter>
    </ClInclude>
    <ClInclude Include="..\subprojects\snes_spc\SNES_SPC.h">
      <Filter>Header Files</Filter>
    </ClInclude>
    <ClInclude Include="..\subprojects\snes_spc\dsp.h">
      <Filter>Header Files</Filter>
    </ClInclude>
    <ClInclude Include="..\subprojects\snes_spc\blargg_source.h">
      <Filter>Header Files</Filter>
    </ClInclude>
    <ClInclude Include="..\subprojects\snes_spc\blargg_endian.h">
      <Filter>Header Files</Filter>
    </ClInclude>
    <ClInclude Include="..\subprojects\snes_spc\blargg_config.h">
      <Filter>Header Files</Filter>
    </ClInclude>
    <ClInclude Include="..\subprojects\snes_spc\blargg_common.h">
      <Filter>Header Files</Filter>
    </ClInclude>
  </ItemGroup>
</Project>