
Microsoft Visual Studio Solution File, Format Version 10.00
# Visual Studio 2008
Project("{8BC9CEB8-8B4A-11D0-8D11-00A0C91BC942}") = "qbin2c", "qbin2c\qbin2c.vcproj", "{11FBB911-D042-4E64-AB0D-C2ACE6025B16}"
EndProject
Global
	GlobalSection(SolutionConfigurationPlatforms) = preSolution
		Debug|Win32 = Debug|Win32
		Release|Win32 = Release|Win32
	EndGlobalSection
	GlobalSection(ProjectConfigurationPlatforms) = postSolution
		{11FBB911-D042-4E64-AB0D-C2ACE6025B16}.Debug|Win32.ActiveCfg = Debug|Win32
		{11FBB911-D042-4E64-AB0D-C2ACE6025B16}.Debug|Win32.Build.0 = Debug|Win32
		{11FBB911-D042-4E64-AB0D-C2ACE6025B16}.Release|Win32.ActiveCfg = Release|Win32
		{11FBB911-D042-4E64-AB0D-C2ACE6025B16}.Release|Win32.Build.0 = Release|Win32
	EndGlobalSection
	GlobalSection(SolutionProperties) = preSolution
		HideSolutionNode = FALSE
	EndGlobalSection
EndGlobal
